
Microsoft Visual Studio Solution File, Format Version 12.00
# Visual Studio Version 17
VisualStudioVersion = 17.13.35913.81
MinimumVisualStudioVersion = 10.0.40219.1
Project("{8BC9CEB8-8B4A-11D0-8D11-00A0C91BC942}") = "class 2.1", "class 2.1\class 2.1.vcxproj", "{77047041-9E42-41E0-ADCA-B68574B342A5}"
EndProject
Project("{8BC9CEB8-8B4A-11D0-8D11-00A0C91BC942}") = "class 2.2", "class 2.2\class 2.2.vcxproj", "{F2897EB8-C224-4302-B5C3-17BA198AA87F}"
EndProject
Project("{8BC9CEB8-8B4A-11D0-8D11-00A0C91BC942}") = "class 2.4", "class 2.4\class 2.4.vcxproj", "{763642F8-EE6D-4704-9AEF-83558F7F01EF}"
EndProject
Project("{8BC9CEB8-8B4A-11D0-8D11-00A0C91BC942}") = "class2.5", "Class2.5\Class2.5.vcxproj", "{6F94AC0C-8518-41A6-A00B-15F04838D5E7}"
EndProject
Project("{8BC9CEB8-8B4A-11D0-8D11-00A0C91BC942}") = "class2.7", "class2.7\class2.7.vcxproj", "{34705672-41EC-41A8-A2CB-22E6CB42BEDB}"
EndProject
Project("{2150E333-8FDC-42A3-9474-1A3956D46DE8}") = "Chapter02", "Chapter02", "{02EA681E-C7D8-13C7-8484-4AC65E1B71E8}"
EndProject
Project("{2150E333-8FDC-42A3-9474-1A3956D46DE8}") = "Chapter03", "Chapter03", "{62DEF373-521A-46EB-AB50-4F8359636B34}"
EndProject
Project("{8BC9CEB8-8B4A-11D0-8D11-00A0C91BC942}") = "class3.1", "class3.1\class3.1.vcxproj", "{3EE92222-926E-46CA-B034-7483C8773E36}"
EndProject
Project("{8BC9CEB8-8B4A-11D0-8D11-00A0C91BC942}") = "class3.2", "class3.2\class3.2.vcxproj", "{C3014C58-2D37-481F-A63E-54036DF2DD88}"
EndProject
Project("{8BC9CEB8-8B4A-11D0-8D11-00A0C91BC942}") = "class3.3", "class3.3\class3.3.vcxproj", "{0AEC42C7-4A1D-4290-94EA-B30423137BED}"
EndProject
Project("{8BC9CEB8-8B4A-11D0-8D11-00A0C91BC942}") = "class3.4", "class3.4\class3.4.vcxproj", "{5D4ED184-2906-4F48-B4AF-BBA1E08F1B8A}"
EndProject
Project("{8BC9CEB8-8B4A-11D0-8D11-00A0C91BC942}") = "class3.5", "class3.5\class3.5.vcxproj", "{A40DD4D1-496F-40D8-9D59-799441EC551C}"
EndProject
Project("{8BC9CEB8-8B4A-11D0-8D11-00A0C91BC942}") = "class3.7", "class3.7\class3.7.vcxproj", "{EF5D2736-C380-49DF-84C4-F3E101180B5A}"
EndProject
Global
	GlobalSection(SolutionConfigurationPlatforms) = preSolution
		Debug|x64 = Debug|x64
		Debug|x86 = Debug|x86
		Release|x64 = Release|x64
		Release|x86 = Release|x86
	EndGlobalSection
	GlobalSection(ProjectConfigurationPlatforms) = postSolution
		{77047041-9E42-41E0-ADCA-B68574B342A5}.Debug|x64.ActiveCfg = Debug|x64
		{77047041-9E42-41E0-ADCA-B68574B342A5}.Debug|x64.Build.0 = Debug|x64
		{77047041-9E42-41E0-ADCA-B68574B342A5}.Debug|x86.ActiveCfg = Debug|Win32
		{77047041-9E42-41E0-ADCA-B68574B342A5}.Debug|x86.Build.0 = Debug|Win32
		{77047041-9E42-41E0-ADCA-B68574B342A5}.Release|x64.ActiveCfg = Release|x64
		{77047041-9E42-41E0-ADCA-B68574B342A5}.Release|x64.Build.0 = Release|x64
		{77047041-9E42-41E0-ADCA-B68574B342A5}.Release|x86.ActiveCfg = Release|Win32
		{77047041-9E42-41E0-ADCA-B68574B342A5}.Release|x86.Build.0 = Release|Win32
		{F2897EB8-C224-4302-B5C3-17BA198AA87F}.Debug|x64.ActiveCfg = Debug|x64
		{F2897EB8-C224-4302-B5C3-17BA198AA87F}.Debug|x64.Build.0 = Debug|x64
		{F2897EB8-C224-4302-B5C3-17BA198AA87F}.Debug|x86.ActiveCfg = Debug|Win32
		{F2897EB8-C224-4302-B5C3-17BA198AA87F}.Debug|x86.Build.0 = Debug|Win32
		{F2897EB8-C224-4302-B5C3-17BA198AA87F}.Release|x64.ActiveCfg = Release|x64
		{F2897EB8-C224-4302-B5C3-17BA198AA87F}.Release|x64.Build.0 = Release|x64
		{F2897EB8-C224-4302-B5C3-17BA198AA87F}.Release|x86.ActiveCfg = Release|Win32
		{F2897EB8-C224-4302-B5C3-17BA198AA87F}.Release|x86.Build.0 = Release|Win32
		{763642F8-EE6D-4704-9AEF-83558F7F01EF}.Debug|x64.ActiveCfg = Debug|x64
		{763642F8-EE6D-4704-9AEF-83558F7F01EF}.Debug|x64.Build.0 = Debug|x64
		{763642F8-EE6D-4704-9AEF-83558F7F01EF}.Debug|x86.ActiveCfg = Debug|Win32
		{763642F8-EE6D-4704-9AEF-83558F7F01EF}.Debug|x86.Build.0 = Debug|Win32
		{763642F8-EE6D-4704-9AEF-83558F7F01EF}.Release|x64.ActiveCfg = Release|x64
		{763642F8-EE6D-4704-9AEF-83558F7F01EF}.Release|x64.Build.0 = Release|x64
		{763642F8-EE6D-4704-9AEF-83558F7F01EF}.Release|x86.ActiveCfg = Release|Win32
		{763642F8-EE6D-4704-9AEF-83558F7F01EF}.Release|x86.Build.0 = Release|Win32
		{6F94AC0C-8518-41A6-A00B-15F04838D5E7}.Debug|x64.ActiveCfg = Debug|x64
		{6F94AC0C-8518-41A6-A00B-15F04838D5E7}.Debug|x64.Build.0 = Debug|x64
		{6F94AC0C-8518-41A6-A00B-15F04838D5E7}.Debug|x86.ActiveCfg = Debug|Win32
		{6F94AC0C-8518-41A6-A00B-15F04838D5E7}.Debug|x86.Build.0 = Debug|Win32
		{6F94AC0C-8518-41A6-A00B-15F04838D5E7}.Release|x64.ActiveCfg = Release|x64
		{6F94AC0C-8518-41A6-A00B-15F04838D5E7}.Release|x64.Build.0 = Release|x64
		{6F94AC0C-8518-41A6-A00B-15F04838D5E7}.Release|x86.ActiveCfg = Release|Win32
		{6F94AC0C-8518-41A6-A00B-15F04838D5E7}.Release|x86.Build.0 = Release|Win32
		{34705672-41EC-41A8-A2CB-22E6CB42BEDB}.Debug|x64.ActiveCfg = Debug|x64
		{34705672-41EC-41A8-A2CB-22E6CB42BEDB}.Debug|x64.Build.0 = Debug|x64
		{34705672-41EC-41A8-A2CB-22E6CB42BEDB}.Debug|x86.ActiveCfg = Debug|Win32
		{34705672-41EC-41A8-A2CB-22E6CB42BEDB}.Debug|x86.Build.0 = Debug|Win32
		{34705672-41EC-41A8-A2CB-22E6CB42BEDB}.Release|x64.ActiveCfg = Release|x64
		{34705672-41EC-41A8-A2CB-22E6CB42BEDB}.Release|x64.Build.0 = Release|x64
		{34705672-41EC-41A8-A2CB-22E6CB42BEDB}.Release|x86.ActiveCfg = Release|Win32
		{34705672-41EC-41A8-A2CB-22E6CB42BEDB}.Release|x86.Build.0 = Release|Win32
		{3EE92222-926E-46CA-B034-7483C8773E36}.Debug|x64.ActiveCfg = Debug|x64
		{3EE92222-926E-46CA-B034-7483C8773E36}.Debug|x64.Build.0 = Debug|x64
		{3EE92222-926E-46CA-B034-7483C8773E36}.Debug|x86.ActiveCfg = Debug|Win32
		{3EE92222-926E-46CA-B034-7483C8773E36}.Debug|x86.Build.0 = Debug|Win32
		{3EE92222-926E-46CA-B034-7483C8773E36}.Release|x64.ActiveCfg = Release|x64
		{3EE92222-926E-46CA-B034-7483C8773E36}.Release|x64.Build.0 = Release|x64
		{3EE92222-926E-46CA-B034-7483C8773E36}.Release|x86.ActiveCfg = Release|Win32
		{3EE92222-926E-46CA-B034-7483C8773E36}.Release|x86.Build.0 = Release|Win32
		{C3014C58-2D37-481F-A63E-54036DF2DD88}.Debug|x64.ActiveCfg = Debug|x64
		{C3014C58-2D37-481F-A63E-54036DF2DD88}.Debug|x64.Build.0 = Debug|x64
		{C3014C58-2D37-481F-A63E-54036DF2DD88}.Debug|x86.ActiveCfg = Debug|Win32
		{C3014C58-2D37-481F-A63E-54036DF2DD88}.Debug|x86.Build.0 = Debug|Win32
		{C3014C58-2D37-481F-A63E-54036DF2DD88}.Release|x64.ActiveCfg = Release|x64
		{C3014C58-2D37-481F-A63E-54036DF2DD88}.Release|x64.Build.0 = Release|x64
		{C3014C58-2D37-481F-A63E-54036DF2DD88}.Release|x86.ActiveCfg = Release|Win32
		{C3014C58-2D37-481F-A63E-54036DF2DD88}.Release|x86.Build.0 = Release|Win32
		{0AEC42C7-4A1D-4290-94EA-B30423137BED}.Debug|x64.ActiveCfg = Debug|x64
		{0AEC42C7-4A1D-4290-94EA-B30423137BED}.Debug|x64.Build.0 = Debug|x64
		{0AEC42C7-4A1D-4290-94EA-B30423137BED}.Debug|x86.ActiveCfg = Debug|Win32
		{0AEC42C7-4A1D-4290-94EA-B30423137BED}.Debug|x86.Build.0 = Debug|Win32
		{0AEC42C7-4A1D-4290-94EA-B30423137BED}.Release|x64.ActiveCfg = Release|x64
		{0AEC42C7-4A1D-4290-94EA-B30423137BED}.Release|x64.Build.0 = Release|x64
		{0AEC42C7-4A1D-4290-94EA-B30423137BED}.Release|x86.ActiveCfg = Release|Win32
		{0AEC42C7-4A1D-4290-94EA-B30423137BED}.Release|x86.Build.0 = Release|Win32
		{5D4ED184-2906-4F48-B4AF-BBA1E08F1B8A}.Debug|x64.ActiveCfg = Debug|x64
		{5D4ED184-2906-4F48-B4AF-BBA1E08F1B8A}.Debug|x64.Build.0 = Debug|x64
		{5D4ED184-2906-4F48-B4AF-BBA1E08F1B8A}.Debug|x86.ActiveCfg = Debug|Win32
		{5D4ED184-2906-4F48-B4AF-BBA1E08F1B8A}.Debug|x86.Build.0 = Debug|Win32
		{5D4ED184-2906-4F48-B4AF-BBA1E08F1B8A}.Release|x64.ActiveCfg = Release|x64
		{5D4ED184-2906-4F48-B4AF-BBA1E08F1B8A}.Release|x64.Build.0 = Release|x64
		{5D4ED184-2906-4F48-B4AF-BBA1E08F1B8A}.Release|x86.ActiveCfg = Release|Win32
		{5D4ED184-2906-4F48-B4AF-BBA1E08F1B8A}.Release|x86.Build.0 = Release|Win32
		{A40DD4D1-496F-40D8-9D59-799441EC551C}.Debug|x64.ActiveCfg = Debug|x64
		{A40DD4D1-496F-40D8-9D59-799441EC551C}.Debug|x64.Build.0 = Debug|x64
		{A40DD4D1-496F-40D8-9D59-799441EC551C}.Debug|x86.ActiveCfg = Debug|Win32
		{A40DD4D1-496F-40D8-9D59-799441EC551C}.Debug|x86.Build.0 = Debug|Win32
		{A40DD4D1-496F-40D8-9D59-799441EC551C}.Release|x64.ActiveCfg = Release|x64
		{A40DD4D1-496F-40D8-9D59-799441EC551C}.Release|x64.Build.0 = Release|x64
		{A40DD4D1-496F-40D8-9D59-799441EC551C}.Release|x86.ActiveCfg = Release|Win32
		{A40DD4D1-496F-40D8-9D59-799441EC551C}.Release|x86.Build.0 = Release|Win32
		{EF5D2736-C380-49DF-84C4-F3E101180B5A}.Debug|x64.ActiveCfg = Debug|x64
		{EF5D2736-C380-49DF-84C4-F3E101180B5A}.Debug|x64.Build.0 = Debug|x64
		{EF5D2736-C380-49DF-84C4-F3E101180B5A}.Debug|x86.ActiveCfg = Debug|Win32
		{EF5D2736-C380-49DF-84C4-F3E101180B5A}.Debug|x86.Build.0 = Debug|Win32
		{EF5D2736-C380-49DF-84C4-F3E101180B5A}.Release|x64.ActiveCfg = Release|x64
		{EF5D2736-C380-49DF-84C4-F3E101180B5A}.Release|x64.Build.0 = Release|x64
		{EF5D2736-C380-49DF-84C4-F3E101180B5A}.Release|x86.ActiveCfg = Release|Win32
		{EF5D2736-C380-49DF-84C4-F3E101180B5A}.Release|x86.Build.0 = Release|Win32
	EndGlobalSection
	GlobalSection(SolutionProperties) = preSolution
		HideSolutionNode = FALSE
	EndGlobalSection
	GlobalSection(NestedProjects) = preSolution
		{77047041-9E42-41E0-ADCA-B68574B342A5} = {02EA681E-C7D8-13C7-8484-4AC65E1B71E8}
		{F2897EB8-C224-4302-B5C3-17BA198AA87F} = {02EA681E-C7D8-13C7-8484-4AC65E1B71E8}
		{763642F8-EE6D-4704-9AEF-83558F7F01EF} = {02EA681E-C7D8-13C7-8484-4AC65E1B71E8}
		{6F94AC0C-8518-41A6-A00B-15F04838D5E7} = {02EA681E-C7D8-13C7-8484-4AC65E1B71E8}
		{34705672-41EC-41A8-A2CB-22E6CB42BEDB} = {02EA681E-C7D8-13C7-8484-4AC65E1B71E8}
		{3EE92222-926E-46CA-B034-7483C8773E36} = {62DEF373-521A-46EB-AB50-4F8359636B34}
		{C3014C58-2D37-481F-A63E-54036DF2DD88} = {62DEF373-521A-46EB-AB50-4F8359636B34}
		{0AEC42C7-4A1D-4290-94EA-B30423137BED} = {62DEF373-521A-46EB-AB50-4F8359636B34}
		{5D4ED184-2906-4F48-B4AF-BBA1E08F1B8A} = {62DEF373-521A-46EB-AB50-4F8359636B34}
		{A40DD4D1-496F-40D8-9D59-799441EC551C} = {62DEF373-521A-46EB-AB50-4F8359636B34}
		{EF5D2736-C380-49DF-84C4-F3E101180B5A} = {62DEF373-521A-46EB-AB50-4F8359636B34}
	EndGlobalSection
	GlobalSection(ExtensibilityGlobals) = postSolution
		SolutionGuid = {1CB911E3-E8DB-497F-828C-D9F4B3AA2635}
	EndGlobalSection
EndGlobal
