
Microsoft Visual Studio Solution File, Format Version 12.00
# Visual Studio Version 17
VisualStudioVersion = 17.13.35913.81
MinimumVisualStudioVersion = 10.0.40219.1
Project("{8BC9CEB8-8B4A-11D0-8D11-00A0C91BC942}") = "class 2.1", "class 2.1\class 2.1.vcxproj", "{77047041-9E42-41E0-ADCA-B68574B342A5}"
EndProject
Project("{8BC9CEB8-8B4A-11D0-8D11-00A0C91BC942}") = "class 2.2", "class 2.2\class 2.2.vcxproj", "{F2897EB8-C224-4302-B5C3-17BA198AA87F}"
EndProject
Project("{8BC9CEB8-8B4A-11D0-8D11-00A0C91BC942}") = "class 2.4", "class 2.4\class 2.4.vcxproj", "{763642F8-EE6D-4704-9AEF-83558F7F01EF}"
EndProject
Project("{8BC9CEB8-8B4A-11D0-8D11-00A0C91BC942}") = "class2.5", "Class2.5\Class2.5.vcxproj", "{6F94AC0C-8518-41A6-A00B-15F04838D5E7}"
EndProject
Project("{8BC9CEB8-8B4A-11D0-8D11-00A0C91BC942}") = "class2.7", "class2.7\class2.7.vcxproj", "{34705672-41EC-41A8-A2CB-22E6CB42BEDB}"
EndProject
Project("{2150E333-8FDC-42A3-9474-1A3956D46DE8}") = "Chapter02", "Chapter02", "{02EA681E-C7D8-13C7-8484-4AC65E1B71E8}"
EndProject
Project("{2150E333-8FDC-42A3-9474-1A3956D46DE8}") = "Chapter03", "Chapter03", "{62DEF373-521A-46EB-AB50-4F8359636B34}"
EndProject
Project("{8BC9CEB8-8B4A-11D0-8D11-00A0C91BC942}") = "class3.1", "class3.1\class3.1.vcxproj", "{3EE92222-926E-46CA-B034-7483C8773E36}"
EndProject
Project("{8BC9CEB8-8B4A-11D0-8D11-00A0C91BC942}") = "class3.2", "class3.2\class3.2.vcxproj", "{C3014C58-2D37-481F-A63E-54036DF2DD88}"
EndProject
Project("{8BC9CEB8-8B4A-11D0-8D11-00A0C91BC942}") = "class3.3", "class3.3\class3.3.vcxproj", "{0AEC42C7-4A1D-4290-94EA-B30423137BED}"
EndProject
Project("{8BC9CEB8-8B4A-11D0-8D11-00A0C91BC942}") = "class3.4", "class3.4\class3.4.vcxproj", "{5D4ED184-2906-4F48-B4AF-BBA1E08F1B8A}"
EndProject
Project("{8BC9CEB8-8B4A-11D0-8D11-00A0C91BC942}") = "class3.5", "class3.5\class3.5.vcxproj", "{A40DD4D1-496F-40D8-9D59-799441EC551C}"
EndProject
Project("{8BC9CEB8-8B4A-11D0-8D11-00A0C91BC942}") = "class3.7", "class3.7\class3.7.vcxproj", "{EF5D2736-C380-49DF-84C4-F3E101180B5A}"
EndProject
Project("{2150E333-8FDC-42A3-9474-1A3956D46DE8}") = "Chapter04", "Chapter04", "{1130173C-B851-4BBB-ACF9-3536E6A1DD0A}"
EndProject
Project("{8BC9CEB8-8B4A-11D0-8D11-00A0C91BC942}") = "class4.1", "class4.1\class4.1.vcxproj", "{6EB5D2BE-8940-4029-A658-C9A21261DAE3}"
EndProject
Project("{8BC9CEB8-8B4A-11D0-8D11-00A0C91BC942}") = "class4.2", "class4.2\class4.2.vcxproj", "{8FAAEB4D-2A40-4784-88C6-E47713BF8838}"
EndProject
Project("{8BC9CEB8-8B4A-11D0-8D11-00A0C91BC942}") = "class4.3", "class4.3\class4.3.vcxproj", "{1612F4EE-554B-4A38-A90F-1F70701EE238}"
EndProject
Project("{8BC9CEB8-8B4A-11D0-8D11-00A0C91BC942}") = "class4.4", "class4.4\class4.4.vcxproj", "{8DC92178-F11B-403C-8ECB-C1A90B7BA247}"
EndProject
Project("{8BC9CEB8-8B4A-11D0-8D11-00A0C91BC942}") = "class4.5", "class4.5\class4.5.vcxproj", "{8DD8E756-3642-47BD-A05D-FA252216C333}"
EndProject
Project("{8BC9CEB8-8B4A-11D0-8D11-00A0C91BC942}") = "class4.6", "class4.6\class4.6.vcxproj", "{BE1E1980-54CA-48F2-B27A-BD0CE8C71FD4}"
EndProject
Project("{2150E333-8FDC-42A3-9474-1A3956D46DE8}") = "Chapter05", "Chapter05", "{E4B84B85-1F8D-4FB4-A6CE-D18CC52489E1}"
EndProject
Project("{8BC9CEB8-8B4A-11D0-8D11-00A0C91BC942}") = "class5.1", "class5.1\class5.1.vcxproj", "{F97F108F-55CE-4459-B83C-10A9EA9CEF06}"
EndProject
Project("{8BC9CEB8-8B4A-11D0-8D11-00A0C91BC942}") = "class5.2", "class5.2\class5.2.vcxproj", "{294B7D9A-97F2-4386-8BE2-483AD3A6004E}"
EndProject
Project("{8BC9CEB8-8B4A-11D0-8D11-00A0C91BC942}") = "class5.3", "class5.3\class5.3.vcxproj", "{C0F8FB46-5154-4F07-BD88-69C076CEA431}"
EndProject
Project("{8BC9CEB8-8B4A-11D0-8D11-00A0C91BC942}") = "class5.4", "class5.4\class5.4.vcxproj", "{D9B8663A-466E-437B-B349-F1CAEA57FA6E}"
EndProject
Project("{8BC9CEB8-8B4A-11D0-8D11-00A0C91BC942}") = "class5.5", "class5.5\class5.5.vcxproj", "{57EF8A2E-99B3-41EE-84B1-04AE63E8F263}"
EndProject
Project("{8BC9CEB8-8B4A-11D0-8D11-00A0C91BC942}") = "class5.6", "class5.6\class5.6.vcxproj", "{A04EED3A-7A4B-4379-89C2-6F871BAD23D3}"
EndProject
Project("{8BC9CEB8-8B4A-11D0-8D11-00A0C91BC942}") = "class5.7", "class5.7\class5.7.vcxproj", "{93BBD5F4-66A2-49A1-97B7-3E30F46871F6}"
EndProject
Project("{2150E333-8FDC-42A3-9474-1A3956D46DE8}") = "Chapter06", "Chapter06", "{F4511880-433D-41B1-BEC0-77DAEADC31DC}"
EndProject
Project("{8BC9CEB8-8B4A-11D0-8D11-00A0C91BC942}") = "class6.1", "class6.1\class6.1.vcxproj", "{538F1EAD-883F-4343-9723-3DB2FA7DF0CB}"
EndProject
Project("{8BC9CEB8-8B4A-11D0-8D11-00A0C91BC942}") = "class6.2", "class6.2\class6.2.vcxproj", "{50E21969-82C4-4AF3-A87A-098F72F2FE3C}"
EndProject
Project("{8BC9CEB8-8B4A-11D0-8D11-00A0C91BC942}") = "class6.3", "class6.3\class6.3.vcxproj", "{64661A47-4B15-468D-AB5D-FFA62F8A685F}"
EndProject
Project("{8BC9CEB8-8B4A-11D0-8D11-00A0C91BC942}") = "class6.4", "class6.4\class6.4.vcxproj", "{90955EC4-707C-4A15-AB09-4FA05E0FC13F}"
EndProject
Project("{8BC9CEB8-8B4A-11D0-8D11-00A0C91BC942}") = "class6.5", "class6.5\class6.5.vcxproj", "{207CB1E8-741F-40E0-BD71-0AD9F155614D}"
EndProject
Project("{8BC9CEB8-8B4A-11D0-8D11-00A0C91BC942}") = "class6.6", "class6.6\class6.6.vcxproj", "{A8D4D2C5-DDEA-4F12-A5EB-EDC4BF507973}"
EndProject
Project("{8BC9CEB8-8B4A-11D0-8D11-00A0C91BC942}") = "class6.7", "class6.7\class6.7.vcxproj", "{B03F5CEE-23D0-4A05-AD85-F5CA96F3D998}"
EndProject
Project("{2150E333-8FDC-42A3-9474-1A3956D46DE8}") = "Chapter07", "Chapter07", "{CC83105C-14EA-49AD-A9EA-04F626C748C1}"
EndProject
Project("{8BC9CEB8-8B4A-11D0-8D11-00A0C91BC942}") = "class7.1", "class7.1\class7.1.vcxproj", "{63BC4F09-EE90-463F-92F5-EF5E506ABDCC}"
EndProject
Project("{8BC9CEB8-8B4A-11D0-8D11-00A0C91BC942}") = "class7.2", "class7.2\class7.2.vcxproj", "{85175BEE-7711-4801-9118-269F3AA14AFD}"
EndProject
Project("{8BC9CEB8-8B4A-11D0-8D11-00A0C91BC942}") = "class7.3", "class7.3\class7.3.vcxproj", "{C76378F9-D61F-41B2-9742-55D3ECD3D2E0}"
EndProject
Project("{8BC9CEB8-8B4A-11D0-8D11-00A0C91BC942}") = "class7.4", "class7.4\class7.4.vcxproj", "{4EA06D0E-CDCB-44FD-8ED0-00F5000D8F1F}"
EndProject
Project("{8BC9CEB8-8B4A-11D0-8D11-00A0C91BC942}") = "class7.5", "class7.5\class7.5.vcxproj", "{7D5FC8B1-23BA-4570-B8BD-0D8EED65267C}"
EndProject
Project("{8BC9CEB8-8B4A-11D0-8D11-00A0C91BC942}") = "class7.6", "class7.6\class7.6.vcxproj", "{018813F2-8480-42E5-B968-07BD9083DC96}"
EndProject
Project("{2150E333-8FDC-42A3-9474-1A3956D46DE8}") = "Chapter08", "Chapter08", "{C12763F7-AA6C-4631-9EF3-9C3134CD9264}"
EndProject
Project("{8BC9CEB8-8B4A-11D0-8D11-00A0C91BC942}") = "class8.1", "class8.1\class8.1.vcxproj", "{C4C1D73F-FF85-4328-9241-875B1C3E0F85}"
EndProject
Project("{8BC9CEB8-8B4A-11D0-8D11-00A0C91BC942}") = "class8.2", "class8.2\class8.2.vcxproj", "{64B36815-B26F-4BCA-A52D-2084C068D67A}"
EndProject
Project("{8BC9CEB8-8B4A-11D0-8D11-00A0C91BC942}") = "class8.3", "class8.3\class8.3.vcxproj", "{0CC05E95-F3D6-4981-9E57-28CAD79DEBEB}"
EndProject
Project("{8BC9CEB8-8B4A-11D0-8D11-00A0C91BC942}") = "class8.4", "class8.4\class8.4.vcxproj", "{3B0E9390-400D-4C23-87E1-B2D51856A8DA}"
EndProject
Project("{8BC9CEB8-8B4A-11D0-8D11-00A0C91BC942}") = "class8.5", "class8.5\class8.5.vcxproj", "{68314043-ECF6-46EB-A8A4-E55507E52FB9}"
EndProject
Project("{8BC9CEB8-8B4A-11D0-8D11-00A0C91BC942}") = "class8.6", "class8.6\class8.6.vcxproj", "{D951A2A1-B522-4CE0-A252-9FBBA8863D10}"
EndProject
Project("{2150E333-8FDC-42A3-9474-1A3956D46DE8}") = "Chapter09", "Chapter09", "{2DA7F055-3DC9-4AEE-A838-5766AD38772A}"
EndProject
Project("{8BC9CEB8-8B4A-11D0-8D11-00A0C91BC942}") = "class9.1", "class9.1\class9.1.vcxproj", "{69A447C0-D36E-467E-9F85-172501D067CA}"
EndProject
Project("{8BC9CEB8-8B4A-11D0-8D11-00A0C91BC942}") = "class9.2", "class9.2\class9.2.vcxproj", "{2F4C753C-6FC2-49EF-8AD2-0A442362EDEC}"
EndProject
Project("{8BC9CEB8-8B4A-11D0-8D11-00A0C91BC942}") = "class9.3", "class9.3\class9.3.vcxproj", "{2554FF85-0988-4268-AAD3-0FE4631EE7E8}"
EndProject
Project("{8BC9CEB8-8B4A-11D0-8D11-00A0C91BC942}") = "class9.4", "class9.4\class9.4.vcxproj", "{420955F3-4C41-4482-ACC4-C61E196E8819}"
EndProject
Project("{8BC9CEB8-8B4A-11D0-8D11-00A0C91BC942}") = "class9.5", "class9.5\class9.5.vcxproj", "{30923556-14B5-4B21-ADC2-968563BAA9A8}"
EndProject
Project("{8BC9CEB8-8B4A-11D0-8D11-00A0C91BC942}") = "class9.6", "class9.6\class9.6.vcxproj", "{0A82A69D-9336-4C5B-924C-586799399CDA}"
EndProject
Project("{2150E333-8FDC-42A3-9474-1A3956D46DE8}") = "Chapter10", "Chapter10", "{768C3F66-6855-4D46-8F4B-C56569B57431}"
EndProject
Project("{8BC9CEB8-8B4A-11D0-8D11-00A0C91BC942}") = "class10.1", "class10.1\class10.1.vcxproj", "{8E66A1D5-9B49-421B-903D-58E54D8E4CE0}"
EndProject
Project("{8BC9CEB8-8B4A-11D0-8D11-00A0C91BC942}") = "class10.2", "class10.2\class10.2.vcxproj", "{4C7F8AA2-9489-46A7-99CA-867686A5C5E4}"
EndProject
Project("{8BC9CEB8-8B4A-11D0-8D11-00A0C91BC942}") = "class10.3", "class10.3\class10.3.vcxproj", "{6505E48C-34B5-4412-BC1B-6486CE633347}"
EndProject
Project("{8BC9CEB8-8B4A-11D0-8D11-00A0C91BC942}") = "class10.4", "class10.4\class10.4.vcxproj", "{702CC293-537B-43AE-88D5-C842E7F3B8E5}"
EndProject
Project("{8BC9CEB8-8B4A-11D0-8D11-00A0C91BC942}") = "class10.5", "class10.5\class10.5.vcxproj", "{6AA1B491-A038-406F-82A3-09D9B30514F0}"
EndProject
Project("{8BC9CEB8-8B4A-11D0-8D11-00A0C91BC942}") = "class10.6", "class10.6\class10.6.vcxproj", "{B536809E-FF81-450F-B539-64F3F89B3E12}"
EndProject
Project("{2150E333-8FDC-42A3-9474-1A3956D46DE8}") = "Chapter11", "Chapter11", "{2D87FCDA-F371-45A0-960D-A1674F5193AB}"
EndProject
Project("{8BC9CEB8-8B4A-11D0-8D11-00A0C91BC942}") = "class11.1", "class11.1\class11.1.vcxproj", "{4C8AB398-BBCD-43E5-BC18-089A21AD200F}"
EndProject
Project("{8BC9CEB8-8B4A-11D0-8D11-00A0C91BC942}") = "class11.2", "class11.2\class11.2.vcxproj", "{218CED2C-25A0-4278-AB4E-9896C137F44B}"
EndProject
Project("{8BC9CEB8-8B4A-11D0-8D11-00A0C91BC942}") = "class11.3", "class11.3\class11.3.vcxproj", "{DBEDEFF4-EC31-45FC-B494-B2D451E98374}"
EndProject
Project("{8BC9CEB8-8B4A-11D0-8D11-00A0C91BC942}") = "class11.4", "class11.4\class11.4.vcxproj", "{3BC47863-8AE4-40C8-983F-940A0B945682}"
EndProject
Project("{8BC9CEB8-8B4A-11D0-8D11-00A0C91BC942}") = "class11.5", "class11.5\class11.5.vcxproj", "{ECFE4504-4F3B-4EC5-8C40-C47574D22057}"
EndProject
Project("{8BC9CEB8-8B4A-11D0-8D11-00A0C91BC942}") = "class11.6", "class11.6\class11.6.vcxproj", "{720C8BA2-A32F-4052-BAE2-261057A75E42}"
EndProject
Project("{2150E333-8FDC-42A3-9474-1A3956D46DE8}") = "Chapter12", "Chapter12", "{5261265D-497A-4971-B77D-4A90CEA6EC0D}"
EndProject
Project("{8BC9CEB8-8B4A-11D0-8D11-00A0C91BC942}") = "class12.1", "class12.1\class12.1.vcxproj", "{6BE813FF-1A00-482F-A0F2-1E382E4DF8BD}"
EndProject
Project("{8BC9CEB8-8B4A-11D0-8D11-00A0C91BC942}") = "class12.2", "class12.2\class12.2.vcxproj", "{D97B948C-651D-4262-96D8-18EA24067A28}"
EndProject
Project("{8BC9CEB8-8B4A-11D0-8D11-00A0C91BC942}") = "class12.3", "class12.3\class12.3.vcxproj", "{7C8C800A-A9A8-429A-B843-F0E3D2941D4C}"
EndProject
Project("{8BC9CEB8-8B4A-11D0-8D11-00A0C91BC942}") = "class12.4", "class12.4\class12.4.vcxproj", "{99149CFE-A92D-467E-9762-FD478DBB44EA}"
EndProject
Project("{8BC9CEB8-8B4A-11D0-8D11-00A0C91BC942}") = "class12.5", "class12.5\class12.5.vcxproj", "{9515DBBB-7450-48D9-919A-140E3A82113E}"
EndProject
Project("{8BC9CEB8-8B4A-11D0-8D11-00A0C91BC942}") = "class12.6", "class12.6\class12.6.vcxproj", "{72193BA4-AE33-4CF2-8EE8-1B6D83E723CC}"
EndProject
Project("{2150E333-8FDC-42A3-9474-1A3956D46DE8}") = "Chapter13", "Chapter13", "{90D92230-2BCE-4AEC-9DE7-272495DF1315}"
EndProject
Project("{8BC9CEB8-8B4A-11D0-8D11-00A0C91BC942}") = "class13.1", "class13.1\class13.1.vcxproj", "{0C22509A-A756-4696-BCC6-2E94517477C9}"
EndProject
Project("{8BC9CEB8-8B4A-11D0-8D11-00A0C91BC942}") = "class13.2", "class13.2\class13.2.vcxproj", "{409D4EBA-C194-4366-867D-B0B7B5F92D56}"
EndProject
Project("{8BC9CEB8-8B4A-11D0-8D11-00A0C91BC942}") = "class13.3", "class13.3\class13.3.vcxproj", "{DB3F76CB-A8C3-430E-A4F6-39C6EF725EC3}"
EndProject
Project("{8BC9CEB8-8B4A-11D0-8D11-00A0C91BC942}") = "class13.4", "class13.4\class13.4.vcxproj", "{A3F6199E-B403-4B81-8BF8-6B7087E610B8}"
EndProject
Project("{8BC9CEB8-8B4A-11D0-8D11-00A0C91BC942}") = "class13.5", "class13.5\class13.5.vcxproj", "{3C410DB7-5E19-496A-8164-39E12BB44C37}"
EndProject
Project("{8BC9CEB8-8B4A-11D0-8D11-00A0C91BC942}") = "class13.6", "class13.6\class13.6.vcxproj", "{B7ACD608-F3C1-456F-8356-80BF0119FBF8}"
EndProject
Project("{2150E333-8FDC-42A3-9474-1A3956D46DE8}") = "Chapter14", "Chapter14", "{B39E6578-0F8A-41CD-AAC6-750A2CA2CF48}"
EndProject
Project("{8BC9CEB8-8B4A-11D0-8D11-00A0C91BC942}") = "class14.1", "class14.1\class14.1.vcxproj", "{2DA8B0EE-6B99-4E38-9AE2-C0D55535AEFE}"
EndProject
Global
	GlobalSection(SolutionConfigurationPlatforms) = preSolution
		Debug|x64 = Debug|x64
		Debug|x86 = Debug|x86
		Release|x64 = Release|x64
		Release|x86 = Release|x86
	EndGlobalSection
	GlobalSection(ProjectConfigurationPlatforms) = postSolution
		{77047041-9E42-41E0-ADCA-B68574B342A5}.Debug|x64.ActiveCfg = Debug|x64
		{77047041-9E42-41E0-ADCA-B68574B342A5}.Debug|x64.Build.0 = Debug|x64
		{77047041-9E42-41E0-ADCA-B68574B342A5}.Debug|x86.ActiveCfg = Debug|Win32
		{77047041-9E42-41E0-ADCA-B68574B342A5}.Debug|x86.Build.0 = Debug|Win32
		{77047041-9E42-41E0-ADCA-B68574B342A5}.Release|x64.ActiveCfg = Release|x64
		{77047041-9E42-41E0-ADCA-B68574B342A5}.Release|x64.Build.0 = Release|x64
		{77047041-9E42-41E0-ADCA-B68574B342A5}.Release|x86.ActiveCfg = Release|Win32
		{77047041-9E42-41E0-ADCA-B68574B342A5}.Release|x86.Build.0 = Release|Win32
		{F2897EB8-C224-4302-B5C3-17BA198AA87F}.Debug|x64.ActiveCfg = Debug|x64
		{F2897EB8-C224-4302-B5C3-17BA198AA87F}.Debug|x64.Build.0 = Debug|x64
		{F2897EB8-C224-4302-B5C3-17BA198AA87F}.Debug|x86.ActiveCfg = Debug|Win32
		{F2897EB8-C224-4302-B5C3-17BA198AA87F}.Debug|x86.Build.0 = Debug|Win32
		{F2897EB8-C224-4302-B5C3-17BA198AA87F}.Release|x64.ActiveCfg = Release|x64
		{F2897EB8-C224-4302-B5C3-17BA198AA87F}.Release|x64.Build.0 = Release|x64
		{F2897EB8-C224-4302-B5C3-17BA198AA87F}.Release|x86.ActiveCfg = Release|Win32
		{F2897EB8-C224-4302-B5C3-17BA198AA87F}.Release|x86.Build.0 = Release|Win32
		{763642F8-EE6D-4704-9AEF-83558F7F01EF}.Debug|x64.ActiveCfg = Debug|x64
		{763642F8-EE6D-4704-9AEF-83558F7F01EF}.Debug|x64.Build.0 = Debug|x64
		{763642F8-EE6D-4704-9AEF-83558F7F01EF}.Debug|x86.ActiveCfg = Debug|Win32
		{763642F8-EE6D-4704-9AEF-83558F7F01EF}.Debug|x86.Build.0 = Debug|Win32
		{763642F8-EE6D-4704-9AEF-83558F7F01EF}.Release|x64.ActiveCfg = Release|x64
		{763642F8-EE6D-4704-9AEF-83558F7F01EF}.Release|x64.Build.0 = Release|x64
		{763642F8-EE6D-4704-9AEF-83558F7F01EF}.Release|x86.ActiveCfg = Release|Win32
		{763642F8-EE6D-4704-9AEF-83558F7F01EF}.Release|x86.Build.0 = Release|Win32
		{6F94AC0C-8518-41A6-A00B-15F04838D5E7}.Debug|x64.ActiveCfg = Debug|x64
		{6F94AC0C-8518-41A6-A00B-15F04838D5E7}.Debug|x64.Build.0 = Debug|x64
		{6F94AC0C-8518-41A6-A00B-15F04838D5E7}.Debug|x86.ActiveCfg = Debug|Win32
		{6F94AC0C-8518-41A6-A00B-15F04838D5E7}.Debug|x86.Build.0 = Debug|Win32
		{6F94AC0C-8518-41A6-A00B-15F04838D5E7}.Release|x64.ActiveCfg = Release|x64
		{6F94AC0C-8518-41A6-A00B-15F04838D5E7}.Release|x64.Build.0 = Release|x64
		{6F94AC0C-8518-41A6-A00B-15F04838D5E7}.Release|x86.ActiveCfg = Release|Win32
		{6F94AC0C-8518-41A6-A00B-15F04838D5E7}.Release|x86.Build.0 = Release|Win32
		{34705672-41EC-41A8-A2CB-22E6CB42BEDB}.Debug|x64.ActiveCfg = Debug|x64
		{34705672-41EC-41A8-A2CB-22E6CB42BEDB}.Debug|x64.Build.0 = Debug|x64
		{34705672-41EC-41A8-A2CB-22E6CB42BEDB}.Debug|x86.ActiveCfg = Debug|Win32
		{34705672-41EC-41A8-A2CB-22E6CB42BEDB}.Debug|x86.Build.0 = Debug|Win32
		{34705672-41EC-41A8-A2CB-22E6CB42BEDB}.Release|x64.ActiveCfg = Release|x64
		{34705672-41EC-41A8-A2CB-22E6CB42BEDB}.Release|x64.Build.0 = Release|x64
		{34705672-41EC-41A8-A2CB-22E6CB42BEDB}.Release|x86.ActiveCfg = Release|Win32
		{34705672-41EC-41A8-A2CB-22E6CB42BEDB}.Release|x86.Build.0 = Release|Win32
		{3EE92222-926E-46CA-B034-7483C8773E36}.Debug|x64.ActiveCfg = Debug|x64
		{3EE92222-926E-46CA-B034-7483C8773E36}.Debug|x64.Build.0 = Debug|x64
		{3EE92222-926E-46CA-B034-7483C8773E36}.Debug|x86.ActiveCfg = Debug|Win32
		{3EE92222-926E-46CA-B034-7483C8773E36}.Debug|x86.Build.0 = Debug|Win32
		{3EE92222-926E-46CA-B034-7483C8773E36}.Release|x64.ActiveCfg = Release|x64
		{3EE92222-926E-46CA-B034-7483C8773E36}.Release|x64.Build.0 = Release|x64
		{3EE92222-926E-46CA-B034-7483C8773E36}.Release|x86.ActiveCfg = Release|Win32
		{3EE92222-926E-46CA-B034-7483C8773E36}.Release|x86.Build.0 = Release|Win32
		{C3014C58-2D37-481F-A63E-54036DF2DD88}.Debug|x64.ActiveCfg = Debug|x64
		{C3014C58-2D37-481F-A63E-54036DF2DD88}.Debug|x64.Build.0 = Debug|x64
		{C3014C58-2D37-481F-A63E-54036DF2DD88}.Debug|x86.ActiveCfg = Debug|Win32
		{C3014C58-2D37-481F-A63E-54036DF2DD88}.Debug|x86.Build.0 = Debug|Win32
		{C3014C58-2D37-481F-A63E-54036DF2DD88}.Release|x64.ActiveCfg = Release|x64
		{C3014C58-2D37-481F-A63E-54036DF2DD88}.Release|x64.Build.0 = Release|x64
		{C3014C58-2D37-481F-A63E-54036DF2DD88}.Release|x86.ActiveCfg = Release|Win32
		{C3014C58-2D37-481F-A63E-54036DF2DD88}.Release|x86.Build.0 = Release|Win32
		{0AEC42C7-4A1D-4290-94EA-B30423137BED}.Debug|x64.ActiveCfg = Debug|x64
		{0AEC42C7-4A1D-4290-94EA-B30423137BED}.Debug|x64.Build.0 = Debug|x64
		{0AEC42C7-4A1D-4290-94EA-B30423137BED}.Debug|x86.ActiveCfg = Debug|Win32
		{0AEC42C7-4A1D-4290-94EA-B30423137BED}.Debug|x86.Build.0 = Debug|Win32
		{0AEC42C7-4A1D-4290-94EA-B30423137BED}.Release|x64.ActiveCfg = Release|x64
		{0AEC42C7-4A1D-4290-94EA-B30423137BED}.Release|x64.Build.0 = Release|x64
		{0AEC42C7-4A1D-4290-94EA-B30423137BED}.Release|x86.ActiveCfg = Release|Win32
		{0AEC42C7-4A1D-4290-94EA-B30423137BED}.Release|x86.Build.0 = Release|Win32
		{5D4ED184-2906-4F48-B4AF-BBA1E08F1B8A}.Debug|x64.ActiveCfg = Debug|x64
		{5D4ED184-2906-4F48-B4AF-BBA1E08F1B8A}.Debug|x64.Build.0 = Debug|x64
		{5D4ED184-2906-4F48-B4AF-BBA1E08F1B8A}.Debug|x86.ActiveCfg = Debug|Win32
		{5D4ED184-2906-4F48-B4AF-BBA1E08F1B8A}.Debug|x86.Build.0 = Debug|Win32
		{5D4ED184-2906-4F48-B4AF-BBA1E08F1B8A}.Release|x64.ActiveCfg = Release|x64
		{5D4ED184-2906-4F48-B4AF-BBA1E08F1B8A}.Release|x64.Build.0 = Release|x64
		{5D4ED184-2906-4F48-B4AF-BBA1E08F1B8A}.Release|x86.ActiveCfg = Release|Win32
		{5D4ED184-2906-4F48-B4AF-BBA1E08F1B8A}.Release|x86.Build.0 = Release|Win32
		{A40DD4D1-496F-40D8-9D59-799441EC551C}.Debug|x64.ActiveCfg = Debug|x64
		{A40DD4D1-496F-40D8-9D59-799441EC551C}.Debug|x64.Build.0 = Debug|x64
		{A40DD4D1-496F-40D8-9D59-799441EC551C}.Debug|x86.ActiveCfg = Debug|Win32
		{A40DD4D1-496F-40D8-9D59-799441EC551C}.Debug|x86.Build.0 = Debug|Win32
		{A40DD4D1-496F-40D8-9D59-799441EC551C}.Release|x64.ActiveCfg = Release|x64
		{A40DD4D1-496F-40D8-9D59-799441EC551C}.Release|x64.Build.0 = Release|x64
		{A40DD4D1-496F-40D8-9D59-799441EC551C}.Release|x86.ActiveCfg = Release|Win32
		{A40DD4D1-496F-40D8-9D59-799441EC551C}.Release|x86.Build.0 = Release|Win32
		{EF5D2736-C380-49DF-84C4-F3E101180B5A}.Debug|x64.ActiveCfg = Debug|x64
		{EF5D2736-C380-49DF-84C4-F3E101180B5A}.Debug|x64.Build.0 = Debug|x64
		{EF5D2736-C380-49DF-84C4-F3E101180B5A}.Debug|x86.ActiveCfg = Debug|Win32
		{EF5D2736-C380-49DF-84C4-F3E101180B5A}.Debug|x86.Build.0 = Debug|Win32
		{EF5D2736-C380-49DF-84C4-F3E101180B5A}.Release|x64.ActiveCfg = Release|x64
		{EF5D2736-C380-49DF-84C4-F3E101180B5A}.Release|x64.Build.0 = Release|x64
		{EF5D2736-C380-49DF-84C4-F3E101180B5A}.Release|x86.ActiveCfg = Release|Win32
		{EF5D2736-C380-49DF-84C4-F3E101180B5A}.Release|x86.Build.0 = Release|Win32
		{6EB5D2BE-8940-4029-A658-C9A21261DAE3}.Debug|x64.ActiveCfg = Debug|x64
		{6EB5D2BE-8940-4029-A658-C9A21261DAE3}.Debug|x64.Build.0 = Debug|x64
		{6EB5D2BE-8940-4029-A658-C9A21261DAE3}.Debug|x86.ActiveCfg = Debug|Win32
		{6EB5D2BE-8940-4029-A658-C9A21261DAE3}.Debug|x86.Build.0 = Debug|Win32
		{6EB5D2BE-8940-4029-A658-C9A21261DAE3}.Release|x64.ActiveCfg = Release|x64
		{6EB5D2BE-8940-4029-A658-C9A21261DAE3}.Release|x64.Build.0 = Release|x64
		{6EB5D2BE-8940-4029-A658-C9A21261DAE3}.Release|x86.ActiveCfg = Release|Win32
		{6EB5D2BE-8940-4029-A658-C9A21261DAE3}.Release|x86.Build.0 = Release|Win32
		{8FAAEB4D-2A40-4784-88C6-E47713BF8838}.Debug|x64.ActiveCfg = Debug|x64
		{8FAAEB4D-2A40-4784-88C6-E47713BF8838}.Debug|x64.Build.0 = Debug|x64
		{8FAAEB4D-2A40-4784-88C6-E47713BF8838}.Debug|x86.ActiveCfg = Debug|Win32
		{8FAAEB4D-2A40-4784-88C6-E47713BF8838}.Debug|x86.Build.0 = Debug|Win32
		{8FAAEB4D-2A40-4784-88C6-E47713BF8838}.Release|x64.ActiveCfg = Release|x64
		{8FAAEB4D-2A40-4784-88C6-E47713BF8838}.Release|x64.Build.0 = Release|x64
		{8FAAEB4D-2A40-4784-88C6-E47713BF8838}.Release|x86.ActiveCfg = Release|Win32
		{8FAAEB4D-2A40-4784-88C6-E47713BF8838}.Release|x86.Build.0 = Release|Win32
		{1612F4EE-554B-4A38-A90F-1F70701EE238}.Debug|x64.ActiveCfg = Debug|x64
		{1612F4EE-554B-4A38-A90F-1F70701EE238}.Debug|x64.Build.0 = Debug|x64
		{1612F4EE-554B-4A38-A90F-1F70701EE238}.Debug|x86.ActiveCfg = Debug|Win32
		{1612F4EE-554B-4A38-A90F-1F70701EE238}.Debug|x86.Build.0 = Debug|Win32
		{1612F4EE-554B-4A38-A90F-1F70701EE238}.Release|x64.ActiveCfg = Release|x64
		{1612F4EE-554B-4A38-A90F-1F70701EE238}.Release|x64.Build.0 = Release|x64
		{1612F4EE-554B-4A38-A90F-1F70701EE238}.Release|x86.ActiveCfg = Release|Win32
		{1612F4EE-554B-4A38-A90F-1F70701EE238}.Release|x86.Build.0 = Release|Win32
		{8DC92178-F11B-403C-8ECB-C1A90B7BA247}.Debug|x64.ActiveCfg = Debug|x64
		{8DC92178-F11B-403C-8ECB-C1A90B7BA247}.Debug|x64.Build.0 = Debug|x64
		{8DC92178-F11B-403C-8ECB-C1A90B7BA247}.Debug|x86.ActiveCfg = Debug|Win32
		{8DC92178-F11B-403C-8ECB-C1A90B7BA247}.Debug|x86.Build.0 = Debug|Win32
		{8DC92178-F11B-403C-8ECB-C1A90B7BA247}.Release|x64.ActiveCfg = Release|x64
		{8DC92178-F11B-403C-8ECB-C1A90B7BA247}.Release|x64.Build.0 = Release|x64
		{8DC92178-F11B-403C-8ECB-C1A90B7BA247}.Release|x86.ActiveCfg = Release|Win32
		{8DC92178-F11B-403C-8ECB-C1A90B7BA247}.Release|x86.Build.0 = Release|Win32
		{8DD8E756-3642-47BD-A05D-FA252216C333}.Debug|x64.ActiveCfg = Debug|x64
		{8DD8E756-3642-47BD-A05D-FA252216C333}.Debug|x64.Build.0 = Debug|x64
		{8DD8E756-3642-47BD-A05D-FA252216C333}.Debug|x86.ActiveCfg = Debug|Win32
		{8DD8E756-3642-47BD-A05D-FA252216C333}.Debug|x86.Build.0 = Debug|Win32
		{8DD8E756-3642-47BD-A05D-FA252216C333}.Release|x64.ActiveCfg = Release|x64
		{8DD8E756-3642-47BD-A05D-FA252216C333}.Release|x64.Build.0 = Release|x64
		{8DD8E756-3642-47BD-A05D-FA252216C333}.Release|x86.ActiveCfg = Release|Win32
		{8DD8E756-3642-47BD-A05D-FA252216C333}.Release|x86.Build.0 = Release|Win32
		{BE1E1980-54CA-48F2-B27A-BD0CE8C71FD4}.Debug|x64.ActiveCfg = Debug|x64
		{BE1E1980-54CA-48F2-B27A-BD0CE8C71FD4}.Debug|x64.Build.0 = Debug|x64
		{BE1E1980-54CA-48F2-B27A-BD0CE8C71FD4}.Debug|x86.ActiveCfg = Debug|Win32
		{BE1E1980-54CA-48F2-B27A-BD0CE8C71FD4}.Debug|x86.Build.0 = Debug|Win32
		{BE1E1980-54CA-48F2-B27A-BD0CE8C71FD4}.Release|x64.ActiveCfg = Release|x64
		{BE1E1980-54CA-48F2-B27A-BD0CE8C71FD4}.Release|x64.Build.0 = Release|x64
		{BE1E1980-54CA-48F2-B27A-BD0CE8C71FD4}.Release|x86.ActiveCfg = Release|Win32
		{BE1E1980-54CA-48F2-B27A-BD0CE8C71FD4}.Release|x86.Build.0 = Release|Win32
		{F97F108F-55CE-4459-B83C-10A9EA9CEF06}.Debug|x64.ActiveCfg = Debug|x64
		{F97F108F-55CE-4459-B83C-10A9EA9CEF06}.Debug|x64.Build.0 = Debug|x64
		{F97F108F-55CE-4459-B83C-10A9EA9CEF06}.Debug|x86.ActiveCfg = Debug|Win32
		{F97F108F-55CE-4459-B83C-10A9EA9CEF06}.Debug|x86.Build.0 = Debug|Win32
		{F97F108F-55CE-4459-B83C-10A9EA9CEF06}.Release|x64.ActiveCfg = Release|x64
		{F97F108F-55CE-4459-B83C-10A9EA9CEF06}.Release|x64.Build.0 = Release|x64
		{F97F108F-55CE-4459-B83C-10A9EA9CEF06}.Release|x86.ActiveCfg = Release|Win32
		{F97F108F-55CE-4459-B83C-10A9EA9CEF06}.Release|x86.Build.0 = Release|Win32
		{294B7D9A-97F2-4386-8BE2-483AD3A6004E}.Debug|x64.ActiveCfg = Debug|x64
		{294B7D9A-97F2-4386-8BE2-483AD3A6004E}.Debug|x64.Build.0 = Debug|x64
		{294B7D9A-97F2-4386-8BE2-483AD3A6004E}.Debug|x86.ActiveCfg = Debug|Win32
		{294B7D9A-97F2-4386-8BE2-483AD3A6004E}.Debug|x86.Build.0 = Debug|Win32
		{294B7D9A-97F2-4386-8BE2-483AD3A6004E}.Release|x64.ActiveCfg = Release|x64
		{294B7D9A-97F2-4386-8BE2-483AD3A6004E}.Release|x64.Build.0 = Release|x64
		{294B7D9A-97F2-4386-8BE2-483AD3A6004E}.Release|x86.ActiveCfg = Release|Win32
		{294B7D9A-97F2-4386-8BE2-483AD3A6004E}.Release|x86.Build.0 = Release|Win32
		{C0F8FB46-5154-4F07-BD88-69C076CEA431}.Debug|x64.ActiveCfg = Debug|x64
		{C0F8FB46-5154-4F07-BD88-69C076CEA431}.Debug|x64.Build.0 = Debug|x64
		{C0F8FB46-5154-4F07-BD88-69C076CEA431}.Debug|x86.ActiveCfg = Debug|Win32
		{C0F8FB46-5154-4F07-BD88-69C076CEA431}.Debug|x86.Build.0 = Debug|Win32
		{C0F8FB46-5154-4F07-BD88-69C076CEA431}.Release|x64.ActiveCfg = Release|x64
		{C0F8FB46-5154-4F07-BD88-69C076CEA431}.Release|x64.Build.0 = Release|x64
		{C0F8FB46-5154-4F07-BD88-69C076CEA431}.Release|x86.ActiveCfg = Release|Win32
		{C0F8FB46-5154-4F07-BD88-69C076CEA431}.Release|x86.Build.0 = Release|Win32
		{D9B8663A-466E-437B-B349-F1CAEA57FA6E}.Debug|x64.ActiveCfg = Debug|x64
		{D9B8663A-466E-437B-B349-F1CAEA57FA6E}.Debug|x64.Build.0 = Debug|x64
		{D9B8663A-466E-437B-B349-F1CAEA57FA6E}.Debug|x86.ActiveCfg = Debug|Win32
		{D9B8663A-466E-437B-B349-F1CAEA57FA6E}.Debug|x86.Build.0 = Debug|Win32
		{D9B8663A-466E-437B-B349-F1CAEA57FA6E}.Release|x64.ActiveCfg = Release|x64
		{D9B8663A-466E-437B-B349-F1CAEA57FA6E}.Release|x64.Build.0 = Release|x64
		{D9B8663A-466E-437B-B349-F1CAEA57FA6E}.Release|x86.ActiveCfg = Release|Win32
		{D9B8663A-466E-437B-B349-F1CAEA57FA6E}.Release|x86.Build.0 = Release|Win32
		{57EF8A2E-99B3-41EE-84B1-04AE63E8F263}.Debug|x64.ActiveCfg = Debug|x64
		{57EF8A2E-99B3-41EE-84B1-04AE63E8F263}.Debug|x64.Build.0 = Debug|x64
		{57EF8A2E-99B3-41EE-84B1-04AE63E8F263}.Debug|x86.ActiveCfg = Debug|Win32
		{57EF8A2E-99B3-41EE-84B1-04AE63E8F263}.Debug|x86.Build.0 = Debug|Win32
		{57EF8A2E-99B3-41EE-84B1-04AE63E8F263}.Release|x64.ActiveCfg = Release|x64
		{57EF8A2E-99B3-41EE-84B1-04AE63E8F263}.Release|x64.Build.0 = Release|x64
		{57EF8A2E-99B3-41EE-84B1-04AE63E8F263}.Release|x86.ActiveCfg = Release|Win32
		{57EF8A2E-99B3-41EE-84B1-04AE63E8F263}.Release|x86.Build.0 = Release|Win32
		{A04EED3A-7A4B-4379-89C2-6F871BAD23D3}.Debug|x64.ActiveCfg = Debug|x64
		{A04EED3A-7A4B-4379-89C2-6F871BAD23D3}.Debug|x64.Build.0 = Debug|x64
		{A04EED3A-7A4B-4379-89C2-6F871BAD23D3}.Debug|x86.ActiveCfg = Debug|Win32
		{A04EED3A-7A4B-4379-89C2-6F871BAD23D3}.Debug|x86.Build.0 = Debug|Win32
		{A04EED3A-7A4B-4379-89C2-6F871BAD23D3}.Release|x64.ActiveCfg = Release|x64
		{A04EED3A-7A4B-4379-89C2-6F871BAD23D3}.Release|x64.Build.0 = Release|x64
		{A04EED3A-7A4B-4379-89C2-6F871BAD23D3}.Release|x86.ActiveCfg = Release|Win32
		{A04EED3A-7A4B-4379-89C2-6F871BAD23D3}.Release|x86.Build.0 = Release|Win32
		{93BBD5F4-66A2-49A1-97B7-3E30F46871F6}.Debug|x64.ActiveCfg = Debug|x64
		{93BBD5F4-66A2-49A1-97B7-3E30F46871F6}.Debug|x64.Build.0 = Debug|x64
		{93BBD5F4-66A2-49A1-97B7-3E30F46871F6}.Debug|x86.ActiveCfg = Debug|Win32
		{93BBD5F4-66A2-49A1-97B7-3E30F46871F6}.Debug|x86.Build.0 = Debug|Win32
		{93BBD5F4-66A2-49A1-97B7-3E30F46871F6}.Release|x64.ActiveCfg = Release|x64
		{93BBD5F4-66A2-49A1-97B7-3E30F46871F6}.Release|x64.Build.0 = Release|x64
		{93BBD5F4-66A2-49A1-97B7-3E30F46871F6}.Release|x86.ActiveCfg = Release|Win32
		{93BBD5F4-66A2-49A1-97B7-3E30F46871F6}.Release|x86.Build.0 = Release|Win32
		{538F1EAD-883F-4343-9723-3DB2FA7DF0CB}.Debug|x64.ActiveCfg = Debug|x64
		{538F1EAD-883F-4343-9723-3DB2FA7DF0CB}.Debug|x64.Build.0 = Debug|x64
		{538F1EAD-883F-4343-9723-3DB2FA7DF0CB}.Debug|x86.ActiveCfg = Debug|Win32
		{538F1EAD-883F-4343-9723-3DB2FA7DF0CB}.Debug|x86.Build.0 = Debug|Win32
		{538F1EAD-883F-4343-9723-3DB2FA7DF0CB}.Release|x64.ActiveCfg = Release|x64
		{538F1EAD-883F-4343-9723-3DB2FA7DF0CB}.Release|x64.Build.0 = Release|x64
		{538F1EAD-883F-4343-9723-3DB2FA7DF0CB}.Release|x86.ActiveCfg = Release|Win32
		{538F1EAD-883F-4343-9723-3DB2FA7DF0CB}.Release|x86.Build.0 = Release|Win32
		{50E21969-82C4-4AF3-A87A-098F72F2FE3C}.Debug|x64.ActiveCfg = Debug|x64
		{50E21969-82C4-4AF3-A87A-098F72F2FE3C}.Debug|x64.Build.0 = Debug|x64
		{50E21969-82C4-4AF3-A87A-098F72F2FE3C}.Debug|x86.ActiveCfg = Debug|Win32
		{50E21969-82C4-4AF3-A87A-098F72F2FE3C}.Debug|x86.Build.0 = Debug|Win32
		{50E21969-82C4-4AF3-A87A-098F72F2FE3C}.Release|x64.ActiveCfg = Release|x64
		{50E21969-82C4-4AF3-A87A-098F72F2FE3C}.Release|x64.Build.0 = Release|x64
		{50E21969-82C4-4AF3-A87A-098F72F2FE3C}.Release|x86.ActiveCfg = Release|Win32
		{50E21969-82C4-4AF3-A87A-098F72F2FE3C}.Release|x86.Build.0 = Release|Win32
		{64661A47-4B15-468D-AB5D-FFA62F8A685F}.Debug|x64.ActiveCfg = Debug|x64
		{64661A47-4B15-468D-AB5D-FFA62F8A685F}.Debug|x64.Build.0 = Debug|x64
		{64661A47-4B15-468D-AB5D-FFA62F8A685F}.Debug|x86.ActiveCfg = Debug|Win32
		{64661A47-4B15-468D-AB5D-FFA62F8A685F}.Debug|x86.Build.0 = Debug|Win32
		{64661A47-4B15-468D-AB5D-FFA62F8A685F}.Release|x64.ActiveCfg = Release|x64
		{64661A47-4B15-468D-AB5D-FFA62F8A685F}.Release|x64.Build.0 = Release|x64
		{64661A47-4B15-468D-AB5D-FFA62F8A685F}.Release|x86.ActiveCfg = Release|Win32
		{64661A47-4B15-468D-AB5D-FFA62F8A685F}.Release|x86.Build.0 = Release|Win32
		{90955EC4-707C-4A15-AB09-4FA05E0FC13F}.Debug|x64.ActiveCfg = Debug|x64
		{90955EC4-707C-4A15-AB09-4FA05E0FC13F}.Debug|x64.Build.0 = Debug|x64
		{90955EC4-707C-4A15-AB09-4FA05E0FC13F}.Debug|x86.ActiveCfg = Debug|Win32
		{90955EC4-707C-4A15-AB09-4FA05E0FC13F}.Debug|x86.Build.0 = Debug|Win32
		{90955EC4-707C-4A15-AB09-4FA05E0FC13F}.Release|x64.ActiveCfg = Release|x64
		{90955EC4-707C-4A15-AB09-4FA05E0FC13F}.Release|x64.Build.0 = Release|x64
		{90955EC4-707C-4A15-AB09-4FA05E0FC13F}.Release|x86.ActiveCfg = Release|Win32
		{90955EC4-707C-4A15-AB09-4FA05E0FC13F}.Release|x86.Build.0 = Release|Win32
		{207CB1E8-741F-40E0-BD71-0AD9F155614D}.Debug|x64.ActiveCfg = Debug|x64
		{207CB1E8-741F-40E0-BD71-0AD9F155614D}.Debug|x64.Build.0 = Debug|x64
		{207CB1E8-741F-40E0-BD71-0AD9F155614D}.Debug|x86.ActiveCfg = Debug|Win32
		{207CB1E8-741F-40E0-BD71-0AD9F155614D}.Debug|x86.Build.0 = Debug|Win32
		{207CB1E8-741F-40E0-BD71-0AD9F155614D}.Release|x64.ActiveCfg = Release|x64
		{207CB1E8-741F-40E0-BD71-0AD9F155614D}.Release|x64.Build.0 = Release|x64
		{207CB1E8-741F-40E0-BD71-0AD9F155614D}.Release|x86.ActiveCfg = Release|Win32
		{207CB1E8-741F-40E0-BD71-0AD9F155614D}.Release|x86.Build.0 = Release|Win32
		{A8D4D2C5-DDEA-4F12-A5EB-EDC4BF507973}.Debug|x64.ActiveCfg = Debug|x64
		{A8D4D2C5-DDEA-4F12-A5EB-EDC4BF507973}.Debug|x64.Build.0 = Debug|x64
		{A8D4D2C5-DDEA-4F12-A5EB-EDC4BF507973}.Debug|x86.ActiveCfg = Debug|Win32
		{A8D4D2C5-DDEA-4F12-A5EB-EDC4BF507973}.Debug|x86.Build.0 = Debug|Win32
		{A8D4D2C5-DDEA-4F12-A5EB-EDC4BF507973}.Release|x64.ActiveCfg = Release|x64
		{A8D4D2C5-DDEA-4F12-A5EB-EDC4BF507973}.Release|x64.Build.0 = Release|x64
		{A8D4D2C5-DDEA-4F12-A5EB-EDC4BF507973}.Release|x86.ActiveCfg = Release|Win32
		{A8D4D2C5-DDEA-4F12-A5EB-EDC4BF507973}.Release|x86.Build.0 = Release|Win32
		{B03F5CEE-23D0-4A05-AD85-F5CA96F3D998}.Debug|x64.ActiveCfg = Debug|x64
		{B03F5CEE-23D0-4A05-AD85-F5CA96F3D998}.Debug|x64.Build.0 = Debug|x64
		{B03F5CEE-23D0-4A05-AD85-F5CA96F3D998}.Debug|x86.ActiveCfg = Debug|Win32
		{B03F5CEE-23D0-4A05-AD85-F5CA96F3D998}.Debug|x86.Build.0 = Debug|Win32
		{B03F5CEE-23D0-4A05-AD85-F5CA96F3D998}.Release|x64.ActiveCfg = Release|x64
		{B03F5CEE-23D0-4A05-AD85-F5CA96F3D998}.Release|x64.Build.0 = Release|x64
		{B03F5CEE-23D0-4A05-AD85-F5CA96F3D998}.Release|x86.ActiveCfg = Release|Win32
		{B03F5CEE-23D0-4A05-AD85-F5CA96F3D998}.Release|x86.Build.0 = Release|Win32
		{63BC4F09-EE90-463F-92F5-EF5E506ABDCC}.Debug|x64.ActiveCfg = Debug|x64
		{63BC4F09-EE90-463F-92F5-EF5E506ABDCC}.Debug|x64.Build.0 = Debug|x64
		{63BC4F09-EE90-463F-92F5-EF5E506ABDCC}.Debug|x86.ActiveCfg = Debug|Win32
		{63BC4F09-EE90-463F-92F5-EF5E506ABDCC}.Debug|x86.Build.0 = Debug|Win32
		{63BC4F09-EE90-463F-92F5-EF5E506ABDCC}.Release|x64.ActiveCfg = Release|x64
		{63BC4F09-EE90-463F-92F5-EF5E506ABDCC}.Release|x64.Build.0 = Release|x64
		{63BC4F09-EE90-463F-92F5-EF5E506ABDCC}.Release|x86.ActiveCfg = Release|Win32
		{63BC4F09-EE90-463F-92F5-EF5E506ABDCC}.Release|x86.Build.0 = Release|Win32
		{85175BEE-7711-4801-9118-269F3AA14AFD}.Debug|x64.ActiveCfg = Debug|x64
		{85175BEE-7711-4801-9118-269F3AA14AFD}.Debug|x64.Build.0 = Debug|x64
		{85175BEE-7711-4801-9118-269F3AA14AFD}.Debug|x86.ActiveCfg = Debug|Win32
		{85175BEE-7711-4801-9118-269F3AA14AFD}.Debug|x86.Build.0 = Debug|Win32
		{85175BEE-7711-4801-9118-269F3AA14AFD}.Release|x64.ActiveCfg = Release|x64
		{85175BEE-7711-4801-9118-269F3AA14AFD}.Release|x64.Build.0 = Release|x64
		{85175BEE-7711-4801-9118-269F3AA14AFD}.Release|x86.ActiveCfg = Release|Win32
		{85175BEE-7711-4801-9118-269F3AA14AFD}.Release|x86.Build.0 = Release|Win32
		{C76378F9-D61F-41B2-9742-55D3ECD3D2E0}.Debug|x64.ActiveCfg = Debug|x64
		{C76378F9-D61F-41B2-9742-55D3ECD3D2E0}.Debug|x64.Build.0 = Debug|x64
		{C76378F9-D61F-41B2-9742-55D3ECD3D2E0}.Debug|x86.ActiveCfg = Debug|Win32
		{C76378F9-D61F-41B2-9742-55D3ECD3D2E0}.Debug|x86.Build.0 = Debug|Win32
		{C76378F9-D61F-41B2-9742-55D3ECD3D2E0}.Release|x64.ActiveCfg = Release|x64
		{C76378F9-D61F-41B2-9742-55D3ECD3D2E0}.Release|x64.Build.0 = Release|x64
		{C76378F9-D61F-41B2-9742-55D3ECD3D2E0}.Release|x86.ActiveCfg = Release|Win32
		{C76378F9-D61F-41B2-9742-55D3ECD3D2E0}.Release|x86.Build.0 = Release|Win32
		{4EA06D0E-CDCB-44FD-8ED0-00F5000D8F1F}.Debug|x64.ActiveCfg = Debug|x64
		{4EA06D0E-CDCB-44FD-8ED0-00F5000D8F1F}.Debug|x64.Build.0 = Debug|x64
		{4EA06D0E-CDCB-44FD-8ED0-00F5000D8F1F}.Debug|x86.ActiveCfg = Debug|Win32
		{4EA06D0E-CDCB-44FD-8ED0-00F5000D8F1F}.Debug|x86.Build.0 = Debug|Win32
		{4EA06D0E-CDCB-44FD-8ED0-00F5000D8F1F}.Release|x64.ActiveCfg = Release|x64
		{4EA06D0E-CDCB-44FD-8ED0-00F5000D8F1F}.Release|x64.Build.0 = Release|x64
		{4EA06D0E-CDCB-44FD-8ED0-00F5000D8F1F}.Release|x86.ActiveCfg = Release|Win32
		{4EA06D0E-CDCB-44FD-8ED0-00F5000D8F1F}.Release|x86.Build.0 = Release|Win32
		{7D5FC8B1-23BA-4570-B8BD-0D8EED65267C}.Debug|x64.ActiveCfg = Debug|x64
		{7D5FC8B1-23BA-4570-B8BD-0D8EED65267C}.Debug|x64.Build.0 = Debug|x64
		{7D5FC8B1-23BA-4570-B8BD-0D8EED65267C}.Debug|x86.ActiveCfg = Debug|Win32
		{7D5FC8B1-23BA-4570-B8BD-0D8EED65267C}.Debug|x86.Build.0 = Debug|Win32
		{7D5FC8B1-23BA-4570-B8BD-0D8EED65267C}.Release|x64.ActiveCfg = Release|x64
		{7D5FC8B1-23BA-4570-B8BD-0D8EED65267C}.Release|x64.Build.0 = Release|x64
		{7D5FC8B1-23BA-4570-B8BD-0D8EED65267C}.Release|x86.ActiveCfg = Release|Win32
		{7D5FC8B1-23BA-4570-B8BD-0D8EED65267C}.Release|x86.Build.0 = Release|Win32
		{018813F2-8480-42E5-B968-07BD9083DC96}.Debug|x64.ActiveCfg = Debug|x64
		{018813F2-8480-42E5-B968-07BD9083DC96}.Debug|x64.Build.0 = Debug|x64
		{018813F2-8480-42E5-B968-07BD9083DC96}.Debug|x86.ActiveCfg = Debug|Win32
		{018813F2-8480-42E5-B968-07BD9083DC96}.Debug|x86.Build.0 = Debug|Win32
		{018813F2-8480-42E5-B968-07BD9083DC96}.Release|x64.ActiveCfg = Release|x64
		{018813F2-8480-42E5-B968-07BD9083DC96}.Release|x64.Build.0 = Release|x64
		{018813F2-8480-42E5-B968-07BD9083DC96}.Release|x86.ActiveCfg = Release|Win32
		{018813F2-8480-42E5-B968-07BD9083DC96}.Release|x86.Build.0 = Release|Win32
		{C4C1D73F-FF85-4328-9241-875B1C3E0F85}.Debug|x64.ActiveCfg = Debug|x64
		{C4C1D73F-FF85-4328-9241-875B1C3E0F85}.Debug|x64.Build.0 = Debug|x64
		{C4C1D73F-FF85-4328-9241-875B1C3E0F85}.Debug|x86.ActiveCfg = Debug|Win32
		{C4C1D73F-FF85-4328-9241-875B1C3E0F85}.Debug|x86.Build.0 = Debug|Win32
		{C4C1D73F-FF85-4328-9241-875B1C3E0F85}.Release|x64.ActiveCfg = Release|x64
		{C4C1D73F-FF85-4328-9241-875B1C3E0F85}.Release|x64.Build.0 = Release|x64
		{C4C1D73F-FF85-4328-9241-875B1C3E0F85}.Release|x86.ActiveCfg = Release|Win32
		{C4C1D73F-FF85-4328-9241-875B1C3E0F85}.Release|x86.Build.0 = Release|Win32
		{64B36815-B26F-4BCA-A52D-2084C068D67A}.Debug|x64.ActiveCfg = Debug|x64
		{64B36815-B26F-4BCA-A52D-2084C068D67A}.Debug|x64.Build.0 = Debug|x64
		{64B36815-B26F-4BCA-A52D-2084C068D67A}.Debug|x86.ActiveCfg = Debug|Win32
		{64B36815-B26F-4BCA-A52D-2084C068D67A}.Debug|x86.Build.0 = Debug|Win32
		{64B36815-B26F-4BCA-A52D-2084C068D67A}.Release|x64.ActiveCfg = Release|x64
		{64B36815-B26F-4BCA-A52D-2084C068D67A}.Release|x64.Build.0 = Release|x64
		{64B36815-B26F-4BCA-A52D-2084C068D67A}.Release|x86.ActiveCfg = Release|Win32
		{64B36815-B26F-4BCA-A52D-2084C068D67A}.Release|x86.Build.0 = Release|Win32
		{0CC05E95-F3D6-4981-9E57-28CAD79DEBEB}.Debug|x64.ActiveCfg = Debug|x64
		{0CC05E95-F3D6-4981-9E57-28CAD79DEBEB}.Debug|x64.Build.0 = Debug|x64
		{0CC05E95-F3D6-4981-9E57-28CAD79DEBEB}.Debug|x86.ActiveCfg = Debug|Win32
		{0CC05E95-F3D6-4981-9E57-28CAD79DEBEB}.Debug|x86.Build.0 = Debug|Win32
		{0CC05E95-F3D6-4981-9E57-28CAD79DEBEB}.Release|x64.ActiveCfg = Release|x64
		{0CC05E95-F3D6-4981-9E57-28CAD79DEBEB}.Release|x64.Build.0 = Release|x64
		{0CC05E95-F3D6-4981-9E57-28CAD79DEBEB}.Release|x86.ActiveCfg = Release|Win32
		{0CC05E95-F3D6-4981-9E57-28CAD79DEBEB}.Release|x86.Build.0 = Release|Win32
		{3B0E9390-400D-4C23-87E1-B2D51856A8DA}.Debug|x64.ActiveCfg = Debug|x64
		{3B0E9390-400D-4C23-87E1-B2D51856A8DA}.Debug|x64.Build.0 = Debug|x64
		{3B0E9390-400D-4C23-87E1-B2D51856A8DA}.Debug|x86.ActiveCfg = Debug|Win32
		{3B0E9390-400D-4C23-87E1-B2D51856A8DA}.Debug|x86.Build.0 = Debug|Win32
		{3B0E9390-400D-4C23-87E1-B2D51856A8DA}.Release|x64.ActiveCfg = Release|x64
		{3B0E9390-400D-4C23-87E1-B2D51856A8DA}.Release|x64.Build.0 = Release|x64
		{3B0E9390-400D-4C23-87E1-B2D51856A8DA}.Release|x86.ActiveCfg = Release|Win32
		{3B0E9390-400D-4C23-87E1-B2D51856A8DA}.Release|x86.Build.0 = Release|Win32
		{68314043-ECF6-46EB-A8A4-E55507E52FB9}.Debug|x64.ActiveCfg = Debug|x64
		{68314043-ECF6-46EB-A8A4-E55507E52FB9}.Debug|x64.Build.0 = Debug|x64
		{68314043-ECF6-46EB-A8A4-E55507E52FB9}.Debug|x86.ActiveCfg = Debug|Win32
		{68314043-ECF6-46EB-A8A4-E55507E52FB9}.Debug|x86.Build.0 = Debug|Win32
		{68314043-ECF6-46EB-A8A4-E55507E52FB9}.Release|x64.ActiveCfg = Release|x64
		{68314043-ECF6-46EB-A8A4-E55507E52FB9}.Release|x64.Build.0 = Release|x64
		{68314043-ECF6-46EB-A8A4-E55507E52FB9}.Release|x86.ActiveCfg = Release|Win32
		{68314043-ECF6-46EB-A8A4-E55507E52FB9}.Release|x86.Build.0 = Release|Win32
		{D951A2A1-B522-4CE0-A252-9FBBA8863D10}.Debug|x64.ActiveCfg = Debug|x64
		{D951A2A1-B522-4CE0-A252-9FBBA8863D10}.Debug|x64.Build.0 = Debug|x64
		{D951A2A1-B522-4CE0-A252-9FBBA8863D10}.Debug|x86.ActiveCfg = Debug|Win32
		{D951A2A1-B522-4CE0-A252-9FBBA8863D10}.Debug|x86.Build.0 = Debug|Win32
		{D951A2A1-B522-4CE0-A252-9FBBA8863D10}.Release|x64.ActiveCfg = Release|x64
		{D951A2A1-B522-4CE0-A252-9FBBA8863D10}.Release|x64.Build.0 = Release|x64
		{D951A2A1-B522-4CE0-A252-9FBBA8863D10}.Release|x86.ActiveCfg = Release|Win32
		{D951A2A1-B522-4CE0-A252-9FBBA8863D10}.Release|x86.Build.0 = Release|Win32
		{69A447C0-D36E-467E-9F85-172501D067CA}.Debug|x64.ActiveCfg = Debug|x64
		{69A447C0-D36E-467E-9F85-172501D067CA}.Debug|x64.Build.0 = Debug|x64
		{69A447C0-D36E-467E-9F85-172501D067CA}.Debug|x86.ActiveCfg = Debug|Win32
		{69A447C0-D36E-467E-9F85-172501D067CA}.Debug|x86.Build.0 = Debug|Win32
		{69A447C0-D36E-467E-9F85-172501D067CA}.Release|x64.ActiveCfg = Release|x64
		{69A447C0-D36E-467E-9F85-172501D067CA}.Release|x64.Build.0 = Release|x64
		{69A447C0-D36E-467E-9F85-172501D067CA}.Release|x86.ActiveCfg = Release|Win32
		{69A447C0-D36E-467E-9F85-172501D067CA}.Release|x86.Build.0 = Release|Win32
		{2F4C753C-6FC2-49EF-8AD2-0A442362EDEC}.Debug|x64.ActiveCfg = Debug|x64
		{2F4C753C-6FC2-49EF-8AD2-0A442362EDEC}.Debug|x64.Build.0 = Debug|x64
		{2F4C753C-6FC2-49EF-8AD2-0A442362EDEC}.Debug|x86.ActiveCfg = Debug|Win32
		{2F4C753C-6FC2-49EF-8AD2-0A442362EDEC}.Debug|x86.Build.0 = Debug|Win32
		{2F4C753C-6FC2-49EF-8AD2-0A442362EDEC}.Release|x64.ActiveCfg = Release|x64
		{2F4C753C-6FC2-49EF-8AD2-0A442362EDEC}.Release|x64.Build.0 = Release|x64
		{2F4C753C-6FC2-49EF-8AD2-0A442362EDEC}.Release|x86.ActiveCfg = Release|Win32
		{2F4C753C-6FC2-49EF-8AD2-0A442362EDEC}.Release|x86.Build.0 = Release|Win32
		{2554FF85-0988-4268-AAD3-0FE4631EE7E8}.Debug|x64.ActiveCfg = Debug|x64
		{2554FF85-0988-4268-AAD3-0FE4631EE7E8}.Debug|x64.Build.0 = Debug|x64
		{2554FF85-0988-4268-AAD3-0FE4631EE7E8}.Debug|x86.ActiveCfg = Debug|Win32
		{2554FF85-0988-4268-AAD3-0FE4631EE7E8}.Debug|x86.Build.0 = Debug|Win32
		{2554FF85-0988-4268-AAD3-0FE4631EE7E8}.Release|x64.ActiveCfg = Release|x64
		{2554FF85-0988-4268-AAD3-0FE4631EE7E8}.Release|x64.Build.0 = Release|x64
		{2554FF85-0988-4268-AAD3-0FE4631EE7E8}.Release|x86.ActiveCfg = Release|Win32
		{2554FF85-0988-4268-AAD3-0FE4631EE7E8}.Release|x86.Build.0 = Release|Win32
		{420955F3-4C41-4482-ACC4-C61E196E8819}.Debug|x64.ActiveCfg = Debug|x64
		{420955F3-4C41-4482-ACC4-C61E196E8819}.Debug|x64.Build.0 = Debug|x64
		{420955F3-4C41-4482-ACC4-C61E196E8819}.Debug|x86.ActiveCfg = Debug|Win32
		{420955F3-4C41-4482-ACC4-C61E196E8819}.Debug|x86.Build.0 = Debug|Win32
		{420955F3-4C41-4482-ACC4-C61E196E8819}.Release|x64.ActiveCfg = Release|x64
		{420955F3-4C41-4482-ACC4-C61E196E8819}.Release|x64.Build.0 = Release|x64
		{420955F3-4C41-4482-ACC4-C61E196E8819}.Release|x86.ActiveCfg = Release|Win32
		{420955F3-4C41-4482-ACC4-C61E196E8819}.Release|x86.Build.0 = Release|Win32
		{30923556-14B5-4B21-ADC2-968563BAA9A8}.Debug|x64.ActiveCfg = Debug|x64
		{30923556-14B5-4B21-ADC2-968563BAA9A8}.Debug|x64.Build.0 = Debug|x64
		{30923556-14B5-4B21-ADC2-968563BAA9A8}.Debug|x86.ActiveCfg = Debug|Win32
		{30923556-14B5-4B21-ADC2-968563BAA9A8}.Debug|x86.Build.0 = Debug|Win32
		{30923556-14B5-4B21-ADC2-968563BAA9A8}.Release|x64.ActiveCfg = Release|x64
		{30923556-14B5-4B21-ADC2-968563BAA9A8}.Release|x64.Build.0 = Release|x64
		{30923556-14B5-4B21-ADC2-968563BAA9A8}.Release|x86.ActiveCfg = Release|Win32
		{30923556-14B5-4B21-ADC2-968563BAA9A8}.Release|x86.Build.0 = Release|Win32
		{0A82A69D-9336-4C5B-924C-586799399CDA}.Debug|x64.ActiveCfg = Debug|x64
		{0A82A69D-9336-4C5B-924C-586799399CDA}.Debug|x64.Build.0 = Debug|x64
		{0A82A69D-9336-4C5B-924C-586799399CDA}.Debug|x86.ActiveCfg = Debug|Win32
		{0A82A69D-9336-4C5B-924C-586799399CDA}.Debug|x86.Build.0 = Debug|Win32
		{0A82A69D-9336-4C5B-924C-586799399CDA}.Release|x64.ActiveCfg = Release|x64
		{0A82A69D-9336-4C5B-924C-586799399CDA}.Release|x64.Build.0 = Release|x64
		{0A82A69D-9336-4C5B-924C-586799399CDA}.Release|x86.ActiveCfg = Release|Win32
		{0A82A69D-9336-4C5B-924C-586799399CDA}.Release|x86.Build.0 = Release|Win32
		{8E66A1D5-9B49-421B-903D-58E54D8E4CE0}.Debug|x64.ActiveCfg = Debug|x64
		{8E66A1D5-9B49-421B-903D-58E54D8E4CE0}.Debug|x64.Build.0 = Debug|x64
		{8E66A1D5-9B49-421B-903D-58E54D8E4CE0}.Debug|x86.ActiveCfg = Debug|Win32
		{8E66A1D5-9B49-421B-903D-58E54D8E4CE0}.Debug|x86.Build.0 = Debug|Win32
		{8E66A1D5-9B49-421B-903D-58E54D8E4CE0}.Release|x64.ActiveCfg = Release|x64
		{8E66A1D5-9B49-421B-903D-58E54D8E4CE0}.Release|x64.Build.0 = Release|x64
		{8E66A1D5-9B49-421B-903D-58E54D8E4CE0}.Release|x86.ActiveCfg = Release|Win32
		{8E66A1D5-9B49-421B-903D-58E54D8E4CE0}.Release|x86.Build.0 = Release|Win32
		{4C7F8AA2-9489-46A7-99CA-867686A5C5E4}.Debug|x64.ActiveCfg = Debug|x64
		{4C7F8AA2-9489-46A7-99CA-867686A5C5E4}.Debug|x64.Build.0 = Debug|x64
		{4C7F8AA2-9489-46A7-99CA-867686A5C5E4}.Debug|x86.ActiveCfg = Debug|Win32
		{4C7F8AA2-9489-46A7-99CA-867686A5C5E4}.Debug|x86.Build.0 = Debug|Win32
		{4C7F8AA2-9489-46A7-99CA-867686A5C5E4}.Release|x64.ActiveCfg = Release|x64
		{4C7F8AA2-9489-46A7-99CA-867686A5C5E4}.Release|x64.Build.0 = Release|x64
		{4C7F8AA2-9489-46A7-99CA-867686A5C5E4}.Release|x86.ActiveCfg = Release|Win32
		{4C7F8AA2-9489-46A7-99CA-867686A5C5E4}.Release|x86.Build.0 = Release|Win32
		{6505E48C-34B5-4412-BC1B-6486CE633347}.Debug|x64.ActiveCfg = Debug|x64
		{6505E48C-34B5-4412-BC1B-6486CE633347}.Debug|x64.Build.0 = Debug|x64
		{6505E48C-34B5-4412-BC1B-6486CE633347}.Debug|x86.ActiveCfg = Debug|Win32
		{6505E48C-34B5-4412-BC1B-6486CE633347}.Debug|x86.Build.0 = Debug|Win32
		{6505E48C-34B5-4412-BC1B-6486CE633347}.Release|x64.ActiveCfg = Release|x64
		{6505E48C-34B5-4412-BC1B-6486CE633347}.Release|x64.Build.0 = Release|x64
		{6505E48C-34B5-4412-BC1B-6486CE633347}.Release|x86.ActiveCfg = Release|Win32
		{6505E48C-34B5-4412-BC1B-6486CE633347}.Release|x86.Build.0 = Release|Win32
		{702CC293-537B-43AE-88D5-C842E7F3B8E5}.Debug|x64.ActiveCfg = Debug|x64
		{702CC293-537B-43AE-88D5-C842E7F3B8E5}.Debug|x64.Build.0 = Debug|x64
		{702CC293-537B-43AE-88D5-C842E7F3B8E5}.Debug|x86.ActiveCfg = Debug|Win32
		{702CC293-537B-43AE-88D5-C842E7F3B8E5}.Debug|x86.Build.0 = Debug|Win32
		{702CC293-537B-43AE-88D5-C842E7F3B8E5}.Release|x64.ActiveCfg = Release|x64
		{702CC293-537B-43AE-88D5-C842E7F3B8E5}.Release|x64.Build.0 = Release|x64
		{702CC293-537B-43AE-88D5-C842E7F3B8E5}.Release|x86.ActiveCfg = Release|Win32
		{702CC293-537B-43AE-88D5-C842E7F3B8E5}.Release|x86.Build.0 = Release|Win32
		{6AA1B491-A038-406F-82A3-09D9B30514F0}.Debug|x64.ActiveCfg = Debug|x64
		{6AA1B491-A038-406F-82A3-09D9B30514F0}.Debug|x64.Build.0 = Debug|x64
		{6AA1B491-A038-406F-82A3-09D9B30514F0}.Debug|x86.ActiveCfg = Debug|Win32
		{6AA1B491-A038-406F-82A3-09D9B30514F0}.Debug|x86.Build.0 = Debug|Win32
		{6AA1B491-A038-406F-82A3-09D9B30514F0}.Release|x64.ActiveCfg = Release|x64
		{6AA1B491-A038-406F-82A3-09D9B30514F0}.Release|x64.Build.0 = Release|x64
		{6AA1B491-A038-406F-82A3-09D9B30514F0}.Release|x86.ActiveCfg = Release|Win32
		{6AA1B491-A038-406F-82A3-09D9B30514F0}.Release|x86.Build.0 = Release|Win32
		{B536809E-FF81-450F-B539-64F3F89B3E12}.Debug|x64.ActiveCfg = Debug|x64
		{B536809E-FF81-450F-B539-64F3F89B3E12}.Debug|x64.Build.0 = Debug|x64
		{B536809E-FF81-450F-B539-64F3F89B3E12}.Debug|x86.ActiveCfg = Debug|Win32
		{B536809E-FF81-450F-B539-64F3F89B3E12}.Debug|x86.Build.0 = Debug|Win32
		{B536809E-FF81-450F-B539-64F3F89B3E12}.Release|x64.ActiveCfg = Release|x64
		{B536809E-FF81-450F-B539-64F3F89B3E12}.Release|x64.Build.0 = Release|x64
		{B536809E-FF81-450F-B539-64F3F89B3E12}.Release|x86.ActiveCfg = Release|Win32
		{B536809E-FF81-450F-B539-64F3F89B3E12}.Release|x86.Build.0 = Release|Win32
		{4C8AB398-BBCD-43E5-BC18-089A21AD200F}.Debug|x64.ActiveCfg = Debug|x64
		{4C8AB398-BBCD-43E5-BC18-089A21AD200F}.Debug|x64.Build.0 = Debug|x64
		{4C8AB398-BBCD-43E5-BC18-089A21AD200F}.Debug|x86.ActiveCfg = Debug|Win32
		{4C8AB398-BBCD-43E5-BC18-089A21AD200F}.Debug|x86.Build.0 = Debug|Win32
		{4C8AB398-BBCD-43E5-BC18-089A21AD200F}.Release|x64.ActiveCfg = Release|x64
		{4C8AB398-BBCD-43E5-BC18-089A21AD200F}.Release|x64.Build.0 = Release|x64
		{4C8AB398-BBCD-43E5-BC18-089A21AD200F}.Release|x86.ActiveCfg = Release|Win32
		{4C8AB398-BBCD-43E5-BC18-089A21AD200F}.Release|x86.Build.0 = Release|Win32
		{218CED2C-25A0-4278-AB4E-9896C137F44B}.Debug|x64.ActiveCfg = Debug|x64
		{218CED2C-25A0-4278-AB4E-9896C137F44B}.Debug|x64.Build.0 = Debug|x64
		{218CED2C-25A0-4278-AB4E-9896C137F44B}.Debug|x86.ActiveCfg = Debug|Win32
		{218CED2C-25A0-4278-AB4E-9896C137F44B}.Debug|x86.Build.0 = Debug|Win32
		{218CED2C-25A0-4278-AB4E-9896C137F44B}.Release|x64.ActiveCfg = Release|x64
		{218CED2C-25A0-4278-AB4E-9896C137F44B}.Release|x64.Build.0 = Release|x64
		{218CED2C-25A0-4278-AB4E-9896C137F44B}.Release|x86.ActiveCfg = Release|Win32
		{218CED2C-25A0-4278-AB4E-9896C137F44B}.Release|x86.Build.0 = Release|Win32
		{DBEDEFF4-EC31-45FC-B494-B2D451E98374}.Debug|x64.ActiveCfg = Debug|x64
		{DBEDEFF4-EC31-45FC-B494-B2D451E98374}.Debug|x64.Build.0 = Debug|x64
		{DBEDEFF4-EC31-45FC-B494-B2D451E98374}.Debug|x86.ActiveCfg = Debug|Win32
		{DBEDEFF4-EC31-45FC-B494-B2D451E98374}.Debug|x86.Build.0 = Debug|Win32
		{DBEDEFF4-EC31-45FC-B494-B2D451E98374}.Release|x64.ActiveCfg = Release|x64
		{DBEDEFF4-EC31-45FC-B494-B2D451E98374}.Release|x64.Build.0 = Release|x64
		{DBEDEFF4-EC31-45FC-B494-B2D451E98374}.Release|x86.ActiveCfg = Release|Win32
		{DBEDEFF4-EC31-45FC-B494-B2D451E98374}.Release|x86.Build.0 = Release|Win32
		{3BC47863-8AE4-40C8-983F-940A0B945682}.Debug|x64.ActiveCfg = Debug|x64
		{3BC47863-8AE4-40C8-983F-940A0B945682}.Debug|x64.Build.0 = Debug|x64
		{3BC47863-8AE4-40C8-983F-940A0B945682}.Debug|x86.ActiveCfg = Debug|Win32
		{3BC47863-8AE4-40C8-983F-940A0B945682}.Debug|x86.Build.0 = Debug|Win32
		{3BC47863-8AE4-40C8-983F-940A0B945682}.Release|x64.ActiveCfg = Release|x64
		{3BC47863-8AE4-40C8-983F-940A0B945682}.Release|x64.Build.0 = Release|x64
		{3BC47863-8AE4-40C8-983F-940A0B945682}.Release|x86.ActiveCfg = Release|Win32
		{3BC47863-8AE4-40C8-983F-940A0B945682}.Release|x86.Build.0 = Release|Win32
		{ECFE4504-4F3B-4EC5-8C40-C47574D22057}.Debug|x64.ActiveCfg = Debug|x64
		{ECFE4504-4F3B-4EC5-8C40-C47574D22057}.Debug|x64.Build.0 = Debug|x64
		{ECFE4504-4F3B-4EC5-8C40-C47574D22057}.Debug|x86.ActiveCfg = Debug|Win32
		{ECFE4504-4F3B-4EC5-8C40-C47574D22057}.Debug|x86.Build.0 = Debug|Win32
		{ECFE4504-4F3B-4EC5-8C40-C47574D22057}.Release|x64.ActiveCfg = Release|x64
		{ECFE4504-4F3B-4EC5-8C40-C47574D22057}.Release|x64.Build.0 = Release|x64
		{ECFE4504-4F3B-4EC5-8C40-C47574D22057}.Release|x86.ActiveCfg = Release|Win32
		{ECFE4504-4F3B-4EC5-8C40-C47574D22057}.Release|x86.Build.0 = Release|Win32
		{720C8BA2-A32F-4052-BAE2-261057A75E42}.Debug|x64.ActiveCfg = Debug|x64
		{720C8BA2-A32F-4052-BAE2-261057A75E42}.Debug|x64.Build.0 = Debug|x64
		{720C8BA2-A32F-4052-BAE2-261057A75E42}.Debug|x86.ActiveCfg = Debug|Win32
		{720C8BA2-A32F-4052-BAE2-261057A75E42}.Debug|x86.Build.0 = Debug|Win32
		{720C8BA2-A32F-4052-BAE2-261057A75E42}.Release|x64.ActiveCfg = Release|x64
		{720C8BA2-A32F-4052-BAE2-261057A75E42}.Release|x64.Build.0 = Release|x64
		{720C8BA2-A32F-4052-BAE2-261057A75E42}.Release|x86.ActiveCfg = Release|Win32
		{720C8BA2-A32F-4052-BAE2-261057A75E42}.Release|x86.Build.0 = Release|Win32
		{6BE813FF-1A00-482F-A0F2-1E382E4DF8BD}.Debug|x64.ActiveCfg = Debug|x64
		{6BE813FF-1A00-482F-A0F2-1E382E4DF8BD}.Debug|x64.Build.0 = Debug|x64
		{6BE813FF-1A00-482F-A0F2-1E382E4DF8BD}.Debug|x86.ActiveCfg = Debug|Win32
		{6BE813FF-1A00-482F-A0F2-1E382E4DF8BD}.Debug|x86.Build.0 = Debug|Win32
		{6BE813FF-1A00-482F-A0F2-1E382E4DF8BD}.Release|x64.ActiveCfg = Release|x64
		{6BE813FF-1A00-482F-A0F2-1E382E4DF8BD}.Release|x64.Build.0 = Release|x64
		{6BE813FF-1A00-482F-A0F2-1E382E4DF8BD}.Release|x86.ActiveCfg = Release|Win32
		{6BE813FF-1A00-482F-A0F2-1E382E4DF8BD}.Release|x86.Build.0 = Release|Win32
		{D97B948C-651D-4262-96D8-18EA24067A28}.Debug|x64.ActiveCfg = Debug|x64
		{D97B948C-651D-4262-96D8-18EA24067A28}.Debug|x64.Build.0 = Debug|x64
		{D97B948C-651D-4262-96D8-18EA24067A28}.Debug|x86.ActiveCfg = Debug|Win32
		{D97B948C-651D-4262-96D8-18EA24067A28}.Debug|x86.Build.0 = Debug|Win32
		{D97B948C-651D-4262-96D8-18EA24067A28}.Release|x64.ActiveCfg = Release|x64
		{D97B948C-651D-4262-96D8-18EA24067A28}.Release|x64.Build.0 = Release|x64
		{D97B948C-651D-4262-96D8-18EA24067A28}.Release|x86.ActiveCfg = Release|Win32
		{D97B948C-651D-4262-96D8-18EA24067A28}.Release|x86.Build.0 = Release|Win32
		{7C8C800A-A9A8-429A-B843-F0E3D2941D4C}.Debug|x64.ActiveCfg = Debug|x64
		{7C8C800A-A9A8-429A-B843-F0E3D2941D4C}.Debug|x64.Build.0 = Debug|x64
		{7C8C800A-A9A8-429A-B843-F0E3D2941D4C}.Debug|x86.ActiveCfg = Debug|Win32
		{7C8C800A-A9A8-429A-B843-F0E3D2941D4C}.Debug|x86.Build.0 = Debug|Win32
		{7C8C800A-A9A8-429A-B843-F0E3D2941D4C}.Release|x64.ActiveCfg = Release|x64
		{7C8C800A-A9A8-429A-B843-F0E3D2941D4C}.Release|x64.Build.0 = Release|x64
		{7C8C800A-A9A8-429A-B843-F0E3D2941D4C}.Release|x86.ActiveCfg = Release|Win32
		{7C8C800A-A9A8-429A-B843-F0E3D2941D4C}.Release|x86.Build.0 = Release|Win32
		{99149CFE-A92D-467E-9762-FD478DBB44EA}.Debug|x64.ActiveCfg = Debug|x64
		{99149CFE-A92D-467E-9762-FD478DBB44EA}.Debug|x64.Build.0 = Debug|x64
		{99149CFE-A92D-467E-9762-FD478DBB44EA}.Debug|x86.ActiveCfg = Debug|Win32
		{99149CFE-A92D-467E-9762-FD478DBB44EA}.Debug|x86.Build.0 = Debug|Win32
		{99149CFE-A92D-467E-9762-FD478DBB44EA}.Release|x64.ActiveCfg = Release|x64
		{99149CFE-A92D-467E-9762-FD478DBB44EA}.Release|x64.Build.0 = Release|x64
		{99149CFE-A92D-467E-9762-FD478DBB44EA}.Release|x86.ActiveCfg = Release|Win32
		{99149CFE-A92D-467E-9762-FD478DBB44EA}.Release|x86.Build.0 = Release|Win32
		{9515DBBB-7450-48D9-919A-140E3A82113E}.Debug|x64.ActiveCfg = Debug|x64
		{9515DBBB-7450-48D9-919A-140E3A82113E}.Debug|x64.Build.0 = Debug|x64
		{9515DBBB-7450-48D9-919A-140E3A82113E}.Debug|x86.ActiveCfg = Debug|Win32
		{9515DBBB-7450-48D9-919A-140E3A82113E}.Debug|x86.Build.0 = Debug|Win32
		{9515DBBB-7450-48D9-919A-140E3A82113E}.Release|x64.ActiveCfg = Release|x64
		{9515DBBB-7450-48D9-919A-140E3A82113E}.Release|x64.Build.0 = Release|x64
		{9515DBBB-7450-48D9-919A-140E3A82113E}.Release|x86.ActiveCfg = Release|Win32
		{9515DBBB-7450-48D9-919A-140E3A82113E}.Release|x86.Build.0 = Release|Win32
		{72193BA4-AE33-4CF2-8EE8-1B6D83E723CC}.Debug|x64.ActiveCfg = Debug|x64
		{72193BA4-AE33-4CF2-8EE8-1B6D83E723CC}.Debug|x64.Build.0 = Debug|x64
		{72193BA4-AE33-4CF2-8EE8-1B6D83E723CC}.Debug|x86.ActiveCfg = Debug|Win32
		{72193BA4-AE33-4CF2-8EE8-1B6D83E723CC}.Debug|x86.Build.0 = Debug|Win32
		{72193BA4-AE33-4CF2-8EE8-1B6D83E723CC}.Release|x64.ActiveCfg = Release|x64
		{72193BA4-AE33-4CF2-8EE8-1B6D83E723CC}.Release|x64.Build.0 = Release|x64
		{72193BA4-AE33-4CF2-8EE8-1B6D83E723CC}.Release|x86.ActiveCfg = Release|Win32
		{72193BA4-AE33-4CF2-8EE8-1B6D83E723CC}.Release|x86.Build.0 = Release|Win32
		{0C22509A-A756-4696-BCC6-2E94517477C9}.Debug|x64.ActiveCfg = Debug|x64
		{0C22509A-A756-4696-BCC6-2E94517477C9}.Debug|x64.Build.0 = Debug|x64
		{0C22509A-A756-4696-BCC6-2E94517477C9}.Debug|x86.ActiveCfg = Debug|Win32
		{0C22509A-A756-4696-BCC6-2E94517477C9}.Debug|x86.Build.0 = Debug|Win32
		{0C22509A-A756-4696-BCC6-2E94517477C9}.Release|x64.ActiveCfg = Release|x64
		{0C22509A-A756-4696-BCC6-2E94517477C9}.Release|x64.Build.0 = Release|x64
		{0C22509A-A756-4696-BCC6-2E94517477C9}.Release|x86.ActiveCfg = Release|Win32
		{0C22509A-A756-4696-BCC6-2E94517477C9}.Release|x86.Build.0 = Release|Win32
		{409D4EBA-C194-4366-867D-B0B7B5F92D56}.Debug|x64.ActiveCfg = Debug|x64
		{409D4EBA-C194-4366-867D-B0B7B5F92D56}.Debug|x64.Build.0 = Debug|x64
		{409D4EBA-C194-4366-867D-B0B7B5F92D56}.Debug|x86.ActiveCfg = Debug|Win32
		{409D4EBA-C194-4366-867D-B0B7B5F92D56}.Debug|x86.Build.0 = Debug|Win32
		{409D4EBA-C194-4366-867D-B0B7B5F92D56}.Release|x64.ActiveCfg = Release|x64
		{409D4EBA-C194-4366-867D-B0B7B5F92D56}.Release|x64.Build.0 = Release|x64
		{409D4EBA-C194-4366-867D-B0B7B5F92D56}.Release|x86.ActiveCfg = Release|Win32
		{409D4EBA-C194-4366-867D-B0B7B5F92D56}.Release|x86.Build.0 = Release|Win32
		{DB3F76CB-A8C3-430E-A4F6-39C6EF725EC3}.Debug|x64.ActiveCfg = Debug|x64
		{DB3F76CB-A8C3-430E-A4F6-39C6EF725EC3}.Debug|x64.Build.0 = Debug|x64
		{DB3F76CB-A8C3-430E-A4F6-39C6EF725EC3}.Debug|x86.ActiveCfg = Debug|Win32
		{DB3F76CB-A8C3-430E-A4F6-39C6EF725EC3}.Debug|x86.Build.0 = Debug|Win32
		{DB3F76CB-A8C3-430E-A4F6-39C6EF725EC3}.Release|x64.ActiveCfg = Release|x64
		{DB3F76CB-A8C3-430E-A4F6-39C6EF725EC3}.Release|x64.Build.0 = Release|x64
		{DB3F76CB-A8C3-430E-A4F6-39C6EF725EC3}.Release|x86.ActiveCfg = Release|Win32
		{DB3F76CB-A8C3-430E-A4F6-39C6EF725EC3}.Release|x86.Build.0 = Release|Win32
		{A3F6199E-B403-4B81-8BF8-6B7087E610B8}.Debug|x64.ActiveCfg = Debug|x64
		{A3F6199E-B403-4B81-8BF8-6B7087E610B8}.Debug|x64.Build.0 = Debug|x64
		{A3F6199E-B403-4B81-8BF8-6B7087E610B8}.Debug|x86.ActiveCfg = Debug|Win32
		{A3F6199E-B403-4B81-8BF8-6B7087E610B8}.Debug|x86.Build.0 = Debug|Win32
		{A3F6199E-B403-4B81-8BF8-6B7087E610B8}.Release|x64.ActiveCfg = Release|x64
		{A3F6199E-B403-4B81-8BF8-6B7087E610B8}.Release|x64.Build.0 = Release|x64
		{A3F6199E-B403-4B81-8BF8-6B7087E610B8}.Release|x86.ActiveCfg = Release|Win32
		{A3F6199E-B403-4B81-8BF8-6B7087E610B8}.Release|x86.Build.0 = Release|Win32
		{3C410DB7-5E19-496A-8164-39E12BB44C37}.Debug|x64.ActiveCfg = Debug|x64
		{3C410DB7-5E19-496A-8164-39E12BB44C37}.Debug|x64.Build.0 = Debug|x64
		{3C410DB7-5E19-496A-8164-39E12BB44C37}.Debug|x86.ActiveCfg = Debug|Win32
		{3C410DB7-5E19-496A-8164-39E12BB44C37}.Debug|x86.Build.0 = Debug|Win32
		{3C410DB7-5E19-496A-8164-39E12BB44C37}.Release|x64.ActiveCfg = Release|x64
		{3C410DB7-5E19-496A-8164-39E12BB44C37}.Release|x64.Build.0 = Release|x64
		{3C410DB7-5E19-496A-8164-39E12BB44C37}.Release|x86.ActiveCfg = Release|Win32
		{3C410DB7-5E19-496A-8164-39E12BB44C37}.Release|x86.Build.0 = Release|Win32
		{B7ACD608-F3C1-456F-8356-80BF0119FBF8}.Debug|x64.ActiveCfg = Debug|x64
		{B7ACD608-F3C1-456F-8356-80BF0119FBF8}.Debug|x64.Build.0 = Debug|x64
		{B7ACD608-F3C1-456F-8356-80BF0119FBF8}.Debug|x86.ActiveCfg = Debug|Win32
		{B7ACD608-F3C1-456F-8356-80BF0119FBF8}.Debug|x86.Build.0 = Debug|Win32
		{B7ACD608-F3C1-456F-8356-80BF0119FBF8}.Release|x64.ActiveCfg = Release|x64
		{B7ACD608-F3C1-456F-8356-80BF0119FBF8}.Release|x64.Build.0 = Release|x64
		{B7ACD608-F3C1-456F-8356-80BF0119FBF8}.Release|x86.ActiveCfg = Release|Win32
		{B7ACD608-F3C1-456F-8356-80BF0119FBF8}.Release|x86.Build.0 = Release|Win32
		{2DA8B0EE-6B99-4E38-9AE2-C0D55535AEFE}.Debug|x64.ActiveCfg = Debug|x64
		{2DA8B0EE-6B99-4E38-9AE2-C0D55535AEFE}.Debug|x64.Build.0 = Debug|x64
		{2DA8B0EE-6B99-4E38-9AE2-C0D55535AEFE}.Debug|x86.ActiveCfg = Debug|Win32
		{2DA8B0EE-6B99-4E38-9AE2-C0D55535AEFE}.Debug|x86.Build.0 = Debug|Win32
		{2DA8B0EE-6B99-4E38-9AE2-C0D55535AEFE}.Release|x64.ActiveCfg = Release|x64
		{2DA8B0EE-6B99-4E38-9AE2-C0D55535AEFE}.Release|x64.Build.0 = Release|x64
		{2DA8B0EE-6B99-4E38-9AE2-C0D55535AEFE}.Release|x86.ActiveCfg = Release|Win32
		{2DA8B0EE-6B99-4E38-9AE2-C0D55535AEFE}.Release|x86.Build.0 = Release|Win32
	EndGlobalSection
	GlobalSection(SolutionProperties) = preSolution
		HideSolutionNode = FALSE
	EndGlobalSection
	GlobalSection(NestedProjects) = preSolution
		{77047041-9E42-41E0-ADCA-B68574B342A5} = {02EA681E-C7D8-13C7-8484-4AC65E1B71E8}
		{F2897EB8-C224-4302-B5C3-17BA198AA87F} = {02EA681E-C7D8-13C7-8484-4AC65E1B71E8}
		{763642F8-EE6D-4704-9AEF-83558F7F01EF} = {02EA681E-C7D8-13C7-8484-4AC65E1B71E8}
		{6F94AC0C-8518-41A6-A00B-15F04838D5E7} = {02EA681E-C7D8-13C7-8484-4AC65E1B71E8}
		{34705672-41EC-41A8-A2CB-22E6CB42BEDB} = {02EA681E-C7D8-13C7-8484-4AC65E1B71E8}
		{3EE92222-926E-46CA-B034-7483C8773E36} = {62DEF373-521A-46EB-AB50-4F8359636B34}
		{C3014C58-2D37-481F-A63E-54036DF2DD88} = {62DEF373-521A-46EB-AB50-4F8359636B34}
		{0AEC42C7-4A1D-4290-94EA-B30423137BED} = {62DEF373-521A-46EB-AB50-4F8359636B34}
		{5D4ED184-2906-4F48-B4AF-BBA1E08F1B8A} = {62DEF373-521A-46EB-AB50-4F8359636B34}
		{A40DD4D1-496F-40D8-9D59-799441EC551C} = {62DEF373-521A-46EB-AB50-4F8359636B34}
		{EF5D2736-C380-49DF-84C4-F3E101180B5A} = {62DEF373-521A-46EB-AB50-4F8359636B34}
		{6EB5D2BE-8940-4029-A658-C9A21261DAE3} = {1130173C-B851-4BBB-ACF9-3536E6A1DD0A}
		{8FAAEB4D-2A40-4784-88C6-E47713BF8838} = {1130173C-B851-4BBB-ACF9-3536E6A1DD0A}
		{1612F4EE-554B-4A38-A90F-1F70701EE238} = {1130173C-B851-4BBB-ACF9-3536E6A1DD0A}
		{8DC92178-F11B-403C-8ECB-C1A90B7BA247} = {1130173C-B851-4BBB-ACF9-3536E6A1DD0A}
		{8DD8E756-3642-47BD-A05D-FA252216C333} = {1130173C-B851-4BBB-ACF9-3536E6A1DD0A}
		{BE1E1980-54CA-48F2-B27A-BD0CE8C71FD4} = {1130173C-B851-4BBB-ACF9-3536E6A1DD0A}
		{F97F108F-55CE-4459-B83C-10A9EA9CEF06} = {E4B84B85-1F8D-4FB4-A6CE-D18CC52489E1}
		{294B7D9A-97F2-4386-8BE2-483AD3A6004E} = {E4B84B85-1F8D-4FB4-A6CE-D18CC52489E1}
		{C0F8FB46-5154-4F07-BD88-69C076CEA431} = {E4B84B85-1F8D-4FB4-A6CE-D18CC52489E1}
		{D9B8663A-466E-437B-B349-F1CAEA57FA6E} = {E4B84B85-1F8D-4FB4-A6CE-D18CC52489E1}
		{57EF8A2E-99B3-41EE-84B1-04AE63E8F263} = {E4B84B85-1F8D-4FB4-A6CE-D18CC52489E1}
		{A04EED3A-7A4B-4379-89C2-6F871BAD23D3} = {E4B84B85-1F8D-4FB4-A6CE-D18CC52489E1}
		{93BBD5F4-66A2-49A1-97B7-3E30F46871F6} = {E4B84B85-1F8D-4FB4-A6CE-D18CC52489E1}
		{538F1EAD-883F-4343-9723-3DB2FA7DF0CB} = {F4511880-433D-41B1-BEC0-77DAEADC31DC}
		{50E21969-82C4-4AF3-A87A-098F72F2FE3C} = {F4511880-433D-41B1-BEC0-77DAEADC31DC}
		{64661A47-4B15-468D-AB5D-FFA62F8A685F} = {F4511880-433D-41B1-BEC0-77DAEADC31DC}
		{90955EC4-707C-4A15-AB09-4FA05E0FC13F} = {F4511880-433D-41B1-BEC0-77DAEADC31DC}
		{207CB1E8-741F-40E0-BD71-0AD9F155614D} = {F4511880-433D-41B1-BEC0-77DAEADC31DC}
		{A8D4D2C5-DDEA-4F12-A5EB-EDC4BF507973} = {F4511880-433D-41B1-BEC0-77DAEADC31DC}
		{B03F5CEE-23D0-4A05-AD85-F5CA96F3D998} = {F4511880-433D-41B1-BEC0-77DAEADC31DC}
		{63BC4F09-EE90-463F-92F5-EF5E506ABDCC} = {CC83105C-14EA-49AD-A9EA-04F626C748C1}
		{85175BEE-7711-4801-9118-269F3AA14AFD} = {CC83105C-14EA-49AD-A9EA-04F626C748C1}
		{C76378F9-D61F-41B2-9742-55D3ECD3D2E0} = {CC83105C-14EA-49AD-A9EA-04F626C748C1}
		{4EA06D0E-CDCB-44FD-8ED0-00F5000D8F1F} = {CC83105C-14EA-49AD-A9EA-04F626C748C1}
		{7D5FC8B1-23BA-4570-B8BD-0D8EED65267C} = {CC83105C-14EA-49AD-A9EA-04F626C748C1}
		{018813F2-8480-42E5-B968-07BD9083DC96} = {CC83105C-14EA-49AD-A9EA-04F626C748C1}
		{C4C1D73F-FF85-4328-9241-875B1C3E0F85} = {C12763F7-AA6C-4631-9EF3-9C3134CD9264}
		{64B36815-B26F-4BCA-A52D-2084C068D67A} = {C12763F7-AA6C-4631-9EF3-9C3134CD9264}
		{0CC05E95-F3D6-4981-9E57-28CAD79DEBEB} = {C12763F7-AA6C-4631-9EF3-9C3134CD9264}
		{3B0E9390-400D-4C23-87E1-B2D51856A8DA} = {C12763F7-AA6C-4631-9EF3-9C3134CD9264}
		{68314043-ECF6-46EB-A8A4-E55507E52FB9} = {C12763F7-AA6C-4631-9EF3-9C3134CD9264}
		{D951A2A1-B522-4CE0-A252-9FBBA8863D10} = {C12763F7-AA6C-4631-9EF3-9C3134CD9264}
		{69A447C0-D36E-467E-9F85-172501D067CA} = {2DA7F055-3DC9-4AEE-A838-5766AD38772A}
		{2F4C753C-6FC2-49EF-8AD2-0A442362EDEC} = {2DA7F055-3DC9-4AEE-A838-5766AD38772A}
		{2554FF85-0988-4268-AAD3-0FE4631EE7E8} = {2DA7F055-3DC9-4AEE-A838-5766AD38772A}
		{420955F3-4C41-4482-ACC4-C61E196E8819} = {2DA7F055-3DC9-4AEE-A838-5766AD38772A}
		{30923556-14B5-4B21-ADC2-968563BAA9A8} = {2DA7F055-3DC9-4AEE-A838-5766AD38772A}
		{0A82A69D-9336-4C5B-924C-586799399CDA} = {2DA7F055-3DC9-4AEE-A838-5766AD38772A}
		{8E66A1D5-9B49-421B-903D-58E54D8E4CE0} = {768C3F66-6855-4D46-8F4B-C56569B57431}
		{4C7F8AA2-9489-46A7-99CA-867686A5C5E4} = {768C3F66-6855-4D46-8F4B-C56569B57431}
		{6505E48C-34B5-4412-BC1B-6486CE633347} = {768C3F66-6855-4D46-8F4B-C56569B57431}
		{702CC293-537B-43AE-88D5-C842E7F3B8E5} = {768C3F66-6855-4D46-8F4B-C56569B57431}
		{6AA1B491-A038-406F-82A3-09D9B30514F0} = {768C3F66-6855-4D46-8F4B-C56569B57431}
		{B536809E-FF81-450F-B539-64F3F89B3E12} = {768C3F66-6855-4D46-8F4B-C56569B57431}
		{4C8AB398-BBCD-43E5-BC18-089A21AD200F} = {2D87FCDA-F371-45A0-960D-A1674F5193AB}
		{218CED2C-25A0-4278-AB4E-9896C137F44B} = {2D87FCDA-F371-45A0-960D-A1674F5193AB}
		{DBEDEFF4-EC31-45FC-B494-B2D451E98374} = {2D87FCDA-F371-45A0-960D-A1674F5193AB}
		{3BC47863-8AE4-40C8-983F-940A0B945682} = {2D87FCDA-F371-45A0-960D-A1674F5193AB}
		{ECFE4504-4F3B-4EC5-8C40-C47574D22057} = {2D87FCDA-F371-45A0-960D-A1674F5193AB}
		{720C8BA2-A32F-4052-BAE2-261057A75E42} = {2D87FCDA-F371-45A0-960D-A1674F5193AB}
		{6BE813FF-1A00-482F-A0F2-1E382E4DF8BD} = {5261265D-497A-4971-B77D-4A90CEA6EC0D}
		{D97B948C-651D-4262-96D8-18EA24067A28} = {5261265D-497A-4971-B77D-4A90CEA6EC0D}
		{7C8C800A-A9A8-429A-B843-F0E3D2941D4C} = {5261265D-497A-4971-B77D-4A90CEA6EC0D}
		{99149CFE-A92D-467E-9762-FD478DBB44EA} = {5261265D-497A-4971-B77D-4A90CEA6EC0D}
		{9515DBBB-7450-48D9-919A-140E3A82113E} = {5261265D-497A-4971-B77D-4A90CEA6EC0D}
		{72193BA4-AE33-4CF2-8EE8-1B6D83E723CC} = {5261265D-497A-4971-B77D-4A90CEA6EC0D}
		{0C22509A-A756-4696-BCC6-2E94517477C9} = {90D92230-2BCE-4AEC-9DE7-272495DF1315}
		{409D4EBA-C194-4366-867D-B0B7B5F92D56} = {90D92230-2BCE-4AEC-9DE7-272495DF1315}
		{DB3F76CB-A8C3-430E-A4F6-39C6EF725EC3} = {90D92230-2BCE-4AEC-9DE7-272495DF1315}
		{A3F6199E-B403-4B81-8BF8-6B7087E610B8} = {90D92230-2BCE-4AEC-9DE7-272495DF1315}
		{3C410DB7-5E19-496A-8164-39E12BB44C37} = {90D92230-2BCE-4AEC-9DE7-272495DF1315}
		{B7ACD608-F3C1-456F-8356-80BF0119FBF8} = {90D92230-2BCE-4AEC-9DE7-272495DF1315}
		{2DA8B0EE-6B99-4E38-9AE2-C0D55535AEFE} = {B39E6578-0F8A-41CD-AAC6-750A2CA2CF48}
	EndGlobalSection
	GlobalSection(ExtensibilityGlobals) = postSolution
		SolutionGuid = {1CB911E3-E8DB-497F-828C-D9F4B3AA2635}
	EndGlobalSection
EndGlobal
